
Microsoft Visual Studio Solution File, Format Version 12.00
# Visual Studio 15
VisualStudioVersion = 15.0.27130.2010
MinimumVisualStudioVersion = 10.0.40219.1
Project("{8BC9CEB8-8B4A-11D0-8D11-00A0C91BC942}") = "Quadifier3d", "Quadifier3d\Quadifier3d.vcxproj", "{0FC25153-6C37-497C-AF65-1931843CB152}"
EndProject
Project("{8BC9CEB8-8B4A-11D0-8D11-00A0C91BC942}") = "glfw", "ext\glfw.vcxproj", "{C08CAD98-36E0-3438-90CA-ADE4EDE8F782}"
EndProject
Project("{8BC9CEB8-8B4A-11D0-8D11-00A0C91BC942}") = "glfw_objects", "ext\glfw_objects.vcxproj", "{03A45635-B9C9-3358-93C2-B1182EB5706C}"
EndProject
Project("{8BC9CEB8-8B4A-11D0-8D11-00A0C91BC942}") = "bin2c", "ext\bin2c.vcxproj", "{8AA1F415-8208-3181-8A2B-C36B9967D64D}"
EndProject
Project("{8BC9CEB8-8B4A-11D0-8D11-00A0C91BC942}") = "nanogui", "ext\nanogui.vcxproj", "{6A6637C5-407E-3415-9F4B-50A55116CF4F}"
EndProject
Project("{8BC9CEB8-8B4A-11D0-8D11-00A0C91BC942}") = "nanogui-obj", "ext\nanogui-obj.vcxproj", "{38673A57-275F-354B-8DA0-66FAA41D7F3C}"
EndProject
Project("{8BC9CEB8-8B4A-11D0-8D11-00A0C91BC942}") = "CoMISo", "ext\CoMISo.vcxproj", "{96F88127-7A5D-3E0E-9C70-4373948C2A52}"
EndProject
Project("{8BC9CEB8-8B4A-11D0-8D11-00A0C91BC942}") = "lim", "ext\lim.vcxproj", "{39F2F794-4D36-3F37-AD77-8EB0AE8D2B77}"
EndProject
Project("{8BC9CEB8-8B4A-11D0-8D11-00A0C91BC942}") = "stb_image", "ext\stb_image.vcxproj", "{9F4CF59D-B216-340B-9F6A-095B80E9F652}"
EndProject
Project("{2150E333-8FDC-42A3-9474-1A3956D46DE8}") = "ext", "ext", "{CF05188F-3B88-471F-836D-3EEE2AABFCC9}"
EndProject
Project("{8BC9CEB8-8B4A-11D0-8D11-00A0C91BC942}") = "tetgen", "ext\tetgen.vcxproj", "{6ED45627-86E4-3DB6-A3F7-EB8FADA5D1C2}"
EndProject
Project("{8BC9CEB8-8B4A-11D0-8D11-00A0C91BC942}") = "triangle", "ext\triangle.vcxproj", "{BAAB88F1-4277-37E0-9AD8-BF66B408ACEE}"
EndProject
Project("{8BC9CEB8-8B4A-11D0-8D11-00A0C91BC942}") = "tinyxml2", "ext\tinyxml2.vcxproj", "{17C61023-644D-33B1-AF86-8213A8281EFF}"
EndProject
Project("{8BC9CEB8-8B4A-11D0-8D11-00A0C91BC942}") = "igl", "ext\igl.vcxproj", "{29E5F215-41EB-38E0-837F-31066092BA9B}"
EndProject
Project("{8BC9CEB8-8B4A-11D0-8D11-00A0C91BC942}") = "igllim", "ext\igllim.vcxproj", "{C2892DCE-FD44-3BEA-AAD5-00F6ACDAE272}"
EndProject
Project("{8BC9CEB8-8B4A-11D0-8D11-00A0C91BC942}") = "iglopengl", "ext\iglopengl.vcxproj", "{CCD017BE-8BC2-35C4-8C33-97A34632FADB}"
EndProject
Project("{8BC9CEB8-8B4A-11D0-8D11-00A0C91BC942}") = "iglopengl2", "ext\iglopengl2.vcxproj", "{F613D81C-4004-3BEF-9E4D-40B1B6D3A3E7}"
EndProject
Project("{8BC9CEB8-8B4A-11D0-8D11-00A0C91BC942}") = "iglpng", "ext\iglpng.vcxproj", "{A9F6AEC0-C2E8-3F59-A9A5-9FDFFC3E5003}"
EndProject
Project("{8BC9CEB8-8B4A-11D0-8D11-00A0C91BC942}") = "igltetgen", "ext\igltetgen.vcxproj", "{A8D3CEDE-BCEE-3E2A-B45A-3B6AE7E6C4CE}"
EndProject
Project("{8BC9CEB8-8B4A-11D0-8D11-00A0C91BC942}") = "igltriangle", "ext\igltriangle.vcxproj", "{FB6279DF-A75D-33AB-8E2C-56128459804D}"
EndProject
Project("{8BC9CEB8-8B4A-11D0-8D11-00A0C91BC942}") = "iglviewer", "iglviewer\iglviewer.vcxproj", "{668DF7FC-0867-3822-9511-43C3856FCF66}"
EndProject
Project("{8BC9CEB8-8B4A-11D0-8D11-00A0C91BC942}") = "iglcomiso", "iglcomiso\iglcomiso.vcxproj", "{35E7376B-D4AF-3BA7-9879-C53F891238D5}"
EndProject
Project("{8BC9CEB8-8B4A-11D0-8D11-00A0C91BC942}") = "iglxml", "ext\iglxml.vcxproj", "{4F3F1B81-A274-3024-8488-EA99371F0723}"
EndProject
Project("{8BC9CEB8-8B4A-11D0-8D11-00A0C91BC942}") = "glew", "ext\glew.vcxproj", "{D8A8CFAE-4808-3B26-9729-F70F5B1A840A}"
EndProject
Project("{8BC9CEB8-8B4A-11D0-8D11-00A0C91BC942}") = "opennurbs", "ext\opennurbs_staticlib.vcxproj", "{8EFA275F-4147-4274-8C5E-38063E39310D}"
EndProject
Project("{2150E333-8FDC-42A3-9474-1A3956D46DE8}") = "Solution Items", "Solution Items", "{9B858CD7-EA51-4C07-959E-33D011251339}"
	ProjectSection(SolutionItems) = preProject
		Performance1.psess = Performance1.psess
	EndProjectSection
EndProject
Project("{8BC9CEB8-8B4A-11D0-8D11-00A0C91BC942}") = "__newProject", "__newProject\__newProject.vcxproj", "{B3562729-6DF7-4AAA-9188-9EFE9197F06B}"
EndProject
Project("{8BC9CEB8-8B4A-11D0-8D11-00A0C91BC942}") = "meshLogic", "meshLogic\meshLogic.vcxproj", "{C886BDA9-640A-4922-A9EF-A052FB36E417}"
EndProject
Project("{8BC9CEB8-8B4A-11D0-8D11-00A0C91BC942}") = "meshShared", "meshShared\meshShared.vcxproj", "{D5F94E88-AEEE-474E-A665-3E77A697D00D}"
EndProject
Project("{8BC9CEB8-8B4A-11D0-8D11-00A0C91BC942}") = "meshDeform", "meshDeform\meshDeform.vcxproj", "{55A0332E-4990-4C89-A507-F5D014AD8065}"
EndProject
Project("{8BC9CEB8-8B4A-11D0-8D11-00A0C91BC942}") = "meshSolve", "meshSolve\meshSolve.vcxproj", "{FA45D0FA-9A85-4416-916F-4CEF5BC1959C}"
EndProject
Project("{8BC9CEB8-8B4A-11D0-8D11-00A0C91BC942}") = "CommonClasses", "CommonClasses\CommonClasses.vcxproj", "{C7C5E3DC-2C24-4BF2-9495-5C4AF9E57D08}"
EndProject
Project("{8BC9CEB8-8B4A-11D0-8D11-00A0C91BC942}") = "CommonClassesTest", "CommonClassesTest\CommonClassesTest.vcxproj", "{3591767B-601C-4C74-B460-F7BA1853511F}"
EndProject
Project("{8BC9CEB8-8B4A-11D0-8D11-00A0C91BC942}") = "CommonTypes", "CommonTypes\CommonTypes.vcxproj", "{8D7AE6C8-44BE-492D-A0D2-828A8C0FFFF1}"
EndProject
Project("{8BC9CEB8-8B4A-11D0-8D11-00A0C91BC942}") = "meshSharedTest", "meshSharedTest\meshSharedTest.vcxproj", "{0E82A63B-10A4-4733-A4E3-3B84F3E1CED7}"
EndProject
Global
	GlobalSection(Performance) = preSolution
		HasPerformanceSessions = true
	EndGlobalSection
	GlobalSection(SolutionConfigurationPlatforms) = preSolution
		Debug _ITERATOR_DEBUG_LEVEL 2|x64 = Debug _ITERATOR_DEBUG_LEVEL 2|x64
		Debug _ITERATOR_DEBUG_LEVEL 2|x86 = Debug _ITERATOR_DEBUG_LEVEL 2|x86
		Debug|x64 = Debug|x64
		Debug|x86 = Debug|x86
		MinSizeRel|x64 = MinSizeRel|x64
		MinSizeRel|x86 = MinSizeRel|x86
		Release|x64 = Release|x64
		Release|x86 = Release|x86
		Release+Debug|x64 = Release+Debug|x64
		Release+Debug|x86 = Release+Debug|x86
		RelForProfile|x64 = RelForProfile|x64
		RelForProfile|x86 = RelForProfile|x86
		RelWithDebInfo|x64 = RelWithDebInfo|x64
		RelWithDebInfo|x86 = RelWithDebInfo|x86
	EndGlobalSection
	GlobalSection(ProjectConfigurationPlatforms) = postSolution
		{0FC25153-6C37-497C-AF65-1931843CB152}.Debug _ITERATOR_DEBUG_LEVEL 2|x64.ActiveCfg = Debug _ITERATOR_DEBUG_LEVEL 2|x64
		{0FC25153-6C37-497C-AF65-1931843CB152}.Debug _ITERATOR_DEBUG_LEVEL 2|x64.Build.0 = Debug _ITERATOR_DEBUG_LEVEL 2|x64
		{0FC25153-6C37-497C-AF65-1931843CB152}.Debug _ITERATOR_DEBUG_LEVEL 2|x86.ActiveCfg = Debug _ITERATOR_DEBUG_LEVEL 2|Win32
		{0FC25153-6C37-497C-AF65-1931843CB152}.Debug _ITERATOR_DEBUG_LEVEL 2|x86.Build.0 = Debug _ITERATOR_DEBUG_LEVEL 2|Win32
		{0FC25153-6C37-497C-AF65-1931843CB152}.Debug|x64.ActiveCfg = Debug|x64
		{0FC25153-6C37-497C-AF65-1931843CB152}.Debug|x64.Build.0 = Debug|x64
		{0FC25153-6C37-497C-AF65-1931843CB152}.Debug|x86.ActiveCfg = Debug|Win32
		{0FC25153-6C37-497C-AF65-1931843CB152}.Debug|x86.Build.0 = Debug|Win32
		{0FC25153-6C37-497C-AF65-1931843CB152}.MinSizeRel|x64.ActiveCfg = Release|x64
		{0FC25153-6C37-497C-AF65-1931843CB152}.MinSizeRel|x64.Build.0 = Release|x64
		{0FC25153-6C37-497C-AF65-1931843CB152}.MinSizeRel|x86.ActiveCfg = Release|Win32
		{0FC25153-6C37-497C-AF65-1931843CB152}.MinSizeRel|x86.Build.0 = Release|Win32
		{0FC25153-6C37-497C-AF65-1931843CB152}.Release|x64.ActiveCfg = Release|x64
		{0FC25153-6C37-497C-AF65-1931843CB152}.Release|x64.Build.0 = Release|x64
		{0FC25153-6C37-497C-AF65-1931843CB152}.Release|x86.ActiveCfg = Release|Win32
		{0FC25153-6C37-497C-AF65-1931843CB152}.Release|x86.Build.0 = Release|Win32
		{0FC25153-6C37-497C-AF65-1931843CB152}.Release+Debug|x64.ActiveCfg = Release+Debug|x64
		{0FC25153-6C37-497C-AF65-1931843CB152}.Release+Debug|x64.Build.0 = Release+Debug|x64
		{0FC25153-6C37-497C-AF65-1931843CB152}.Release+Debug|x86.ActiveCfg = Release+Debug|Win32
		{0FC25153-6C37-497C-AF65-1931843CB152}.Release+Debug|x86.Build.0 = Release+Debug|Win32
		{0FC25153-6C37-497C-AF65-1931843CB152}.RelForProfile|x64.ActiveCfg = RelForProfile|x64
		{0FC25153-6C37-497C-AF65-1931843CB152}.RelForProfile|x64.Build.0 = RelForProfile|x64
		{0FC25153-6C37-497C-AF65-1931843CB152}.RelForProfile|x86.ActiveCfg = RelForProfile|Win32
		{0FC25153-6C37-497C-AF65-1931843CB152}.RelForProfile|x86.Build.0 = RelForProfile|Win32
		{0FC25153-6C37-497C-AF65-1931843CB152}.RelWithDebInfo|x64.ActiveCfg = RelWithDebInfo|x64
		{0FC25153-6C37-497C-AF65-1931843CB152}.RelWithDebInfo|x64.Build.0 = RelWithDebInfo|x64
		{0FC25153-6C37-497C-AF65-1931843CB152}.RelWithDebInfo|x86.ActiveCfg = Release|Win32
		{0FC25153-6C37-497C-AF65-1931843CB152}.RelWithDebInfo|x86.Build.0 = Release|Win32
		{C08CAD98-36E0-3438-90CA-ADE4EDE8F782}.Debug _ITERATOR_DEBUG_LEVEL 2|x64.ActiveCfg = Debug|x64
		{C08CAD98-36E0-3438-90CA-ADE4EDE8F782}.Debug _ITERATOR_DEBUG_LEVEL 2|x86.ActiveCfg = RelWithDebInfo|x64
		{C08CAD98-36E0-3438-90CA-ADE4EDE8F782}.Debug|x64.ActiveCfg = Debug|x64
		{C08CAD98-36E0-3438-90CA-ADE4EDE8F782}.Debug|x64.Build.0 = Debug|x64
		{C08CAD98-36E0-3438-90CA-ADE4EDE8F782}.Debug|x86.ActiveCfg = Debug|x64
		{C08CAD98-36E0-3438-90CA-ADE4EDE8F782}.MinSizeRel|x64.ActiveCfg = MinSizeRel|x64
		{C08CAD98-36E0-3438-90CA-ADE4EDE8F782}.MinSizeRel|x64.Build.0 = MinSizeRel|x64
		{C08CAD98-36E0-3438-90CA-ADE4EDE8F782}.MinSizeRel|x86.ActiveCfg = MinSizeRel|x64
		{C08CAD98-36E0-3438-90CA-ADE4EDE8F782}.Release|x64.ActiveCfg = Release|x64
		{C08CAD98-36E0-3438-90CA-ADE4EDE8F782}.Release|x64.Build.0 = Release|x64
		{C08CAD98-36E0-3438-90CA-ADE4EDE8F782}.Release|x86.ActiveCfg = Release|x64
		{C08CAD98-36E0-3438-90CA-ADE4EDE8F782}.Release+Debug|x64.ActiveCfg = Release|x64
		{C08CAD98-36E0-3438-90CA-ADE4EDE8F782}.Release+Debug|x86.ActiveCfg = RelWithDebInfo|x64
		{C08CAD98-36E0-3438-90CA-ADE4EDE8F782}.RelForProfile|x64.ActiveCfg = RelForProfile|x64
		{C08CAD98-36E0-3438-90CA-ADE4EDE8F782}.RelForProfile|x86.ActiveCfg = RelWithDebInfo|x64
		{C08CAD98-36E0-3438-90CA-ADE4EDE8F782}.RelWithDebInfo|x64.ActiveCfg = RelWithDebInfo|x64
		{C08CAD98-36E0-3438-90CA-ADE4EDE8F782}.RelWithDebInfo|x64.Build.0 = RelWithDebInfo|x64
		{C08CAD98-36E0-3438-90CA-ADE4EDE8F782}.RelWithDebInfo|x86.ActiveCfg = RelWithDebInfo|x64
		{03A45635-B9C9-3358-93C2-B1182EB5706C}.Debug _ITERATOR_DEBUG_LEVEL 2|x64.ActiveCfg = Debug|x64
		{03A45635-B9C9-3358-93C2-B1182EB5706C}.Debug _ITERATOR_DEBUG_LEVEL 2|x86.ActiveCfg = RelWithDebInfo|x64
		{03A45635-B9C9-3358-93C2-B1182EB5706C}.Debug|x64.ActiveCfg = Debug|x64
		{03A45635-B9C9-3358-93C2-B1182EB5706C}.Debug|x64.Build.0 = Debug|x64
		{03A45635-B9C9-3358-93C2-B1182EB5706C}.Debug|x86.ActiveCfg = Debug|x64
		{03A45635-B9C9-3358-93C2-B1182EB5706C}.MinSizeRel|x64.ActiveCfg = MinSizeRel|x64
		{03A45635-B9C9-3358-93C2-B1182EB5706C}.MinSizeRel|x64.Build.0 = MinSizeRel|x64
		{03A45635-B9C9-3358-93C2-B1182EB5706C}.MinSizeRel|x86.ActiveCfg = MinSizeRel|x64
		{03A45635-B9C9-3358-93C2-B1182EB5706C}.Release|x64.ActiveCfg = Release|x64
		{03A45635-B9C9-3358-93C2-B1182EB5706C}.Release|x64.Build.0 = Release|x64
		{03A45635-B9C9-3358-93C2-B1182EB5706C}.Release|x86.ActiveCfg = Release|x64
		{03A45635-B9C9-3358-93C2-B1182EB5706C}.Release+Debug|x64.ActiveCfg = Release|x64
		{03A45635-B9C9-3358-93C2-B1182EB5706C}.Release+Debug|x86.ActiveCfg = RelWithDebInfo|x64
		{03A45635-B9C9-3358-93C2-B1182EB5706C}.RelForProfile|x64.ActiveCfg = RelForProfile|x64
		{03A45635-B9C9-3358-93C2-B1182EB5706C}.RelForProfile|x86.ActiveCfg = RelWithDebInfo|x64
		{03A45635-B9C9-3358-93C2-B1182EB5706C}.RelWithDebInfo|x64.ActiveCfg = RelWithDebInfo|x64
		{03A45635-B9C9-3358-93C2-B1182EB5706C}.RelWithDebInfo|x64.Build.0 = RelWithDebInfo|x64
		{03A45635-B9C9-3358-93C2-B1182EB5706C}.RelWithDebInfo|x86.ActiveCfg = RelWithDebInfo|x64
		{8AA1F415-8208-3181-8A2B-C36B9967D64D}.Debug _ITERATOR_DEBUG_LEVEL 2|x64.ActiveCfg = Debug|x64
		{8AA1F415-8208-3181-8A2B-C36B9967D64D}.Debug _ITERATOR_DEBUG_LEVEL 2|x86.ActiveCfg = RelWithDebInfo|x64
		{8AA1F415-8208-3181-8A2B-C36B9967D64D}.Debug|x64.ActiveCfg = Debug|x64
		{8AA1F415-8208-3181-8A2B-C36B9967D64D}.Debug|x64.Build.0 = Debug|x64
		{8AA1F415-8208-3181-8A2B-C36B9967D64D}.Debug|x86.ActiveCfg = Debug|x64
		{8AA1F415-8208-3181-8A2B-C36B9967D64D}.MinSizeRel|x64.ActiveCfg = MinSizeRel|x64
		{8AA1F415-8208-3181-8A2B-C36B9967D64D}.MinSizeRel|x64.Build.0 = MinSizeRel|x64
		{8AA1F415-8208-3181-8A2B-C36B9967D64D}.MinSizeRel|x86.ActiveCfg = MinSizeRel|x64
		{8AA1F415-8208-3181-8A2B-C36B9967D64D}.Release|x64.ActiveCfg = Release|x64
		{8AA1F415-8208-3181-8A2B-C36B9967D64D}.Release|x64.Build.0 = Release|x64
		{8AA1F415-8208-3181-8A2B-C36B9967D64D}.Release|x86.ActiveCfg = Release|x64
		{8AA1F415-8208-3181-8A2B-C36B9967D64D}.Release+Debug|x64.ActiveCfg = Release|x64
		{8AA1F415-8208-3181-8A2B-C36B9967D64D}.Release+Debug|x86.ActiveCfg = RelWithDebInfo|x64
		{8AA1F415-8208-3181-8A2B-C36B9967D64D}.RelForProfile|x64.ActiveCfg = RelWithDebInfo|x64
		{8AA1F415-8208-3181-8A2B-C36B9967D64D}.RelForProfile|x86.ActiveCfg = RelWithDebInfo|x64
		{8AA1F415-8208-3181-8A2B-C36B9967D64D}.RelWithDebInfo|x64.ActiveCfg = RelWithDebInfo|x64
		{8AA1F415-8208-3181-8A2B-C36B9967D64D}.RelWithDebInfo|x64.Build.0 = RelWithDebInfo|x64
		{8AA1F415-8208-3181-8A2B-C36B9967D64D}.RelWithDebInfo|x86.ActiveCfg = RelWithDebInfo|x64
		{6A6637C5-407E-3415-9F4B-50A55116CF4F}.Debug _ITERATOR_DEBUG_LEVEL 2|x64.ActiveCfg = Debug _ITERATOR_DEBUG_LEVEL 2|x64
		{6A6637C5-407E-3415-9F4B-50A55116CF4F}.Debug _ITERATOR_DEBUG_LEVEL 2|x64.Build.0 = Debug _ITERATOR_DEBUG_LEVEL 2|x64
		{6A6637C5-407E-3415-9F4B-50A55116CF4F}.Debug _ITERATOR_DEBUG_LEVEL 2|x86.ActiveCfg = Debug _ITERATOR_DEBUG_LEVEL 2|x64
		{6A6637C5-407E-3415-9F4B-50A55116CF4F}.Debug|x64.ActiveCfg = Debug|x64
		{6A6637C5-407E-3415-9F4B-50A55116CF4F}.Debug|x64.Build.0 = Debug|x64
		{6A6637C5-407E-3415-9F4B-50A55116CF4F}.Debug|x86.ActiveCfg = Debug|x64
		{6A6637C5-407E-3415-9F4B-50A55116CF4F}.MinSizeRel|x64.ActiveCfg = MinSizeRel|x64
		{6A6637C5-407E-3415-9F4B-50A55116CF4F}.MinSizeRel|x64.Build.0 = MinSizeRel|x64
		{6A6637C5-407E-3415-9F4B-50A55116CF4F}.MinSizeRel|x86.ActiveCfg = MinSizeRel|x64
		{6A6637C5-407E-3415-9F4B-50A55116CF4F}.Release|x64.ActiveCfg = Release|x64
		{6A6637C5-407E-3415-9F4B-50A55116CF4F}.Release|x64.Build.0 = Release|x64
		{6A6637C5-407E-3415-9F4B-50A55116CF4F}.Release|x86.ActiveCfg = Release|x64
		{6A6637C5-407E-3415-9F4B-50A55116CF4F}.Release+Debug|x64.ActiveCfg = Release+Debug|x64
		{6A6637C5-407E-3415-9F4B-50A55116CF4F}.Release+Debug|x64.Build.0 = Release+Debug|x64
		{6A6637C5-407E-3415-9F4B-50A55116CF4F}.Release+Debug|x86.ActiveCfg = Release+Debug|x64
		{6A6637C5-407E-3415-9F4B-50A55116CF4F}.RelForProfile|x64.ActiveCfg = RelForProfile|x64
		{6A6637C5-407E-3415-9F4B-50A55116CF4F}.RelForProfile|x64.Build.0 = RelForProfile|x64
		{6A6637C5-407E-3415-9F4B-50A55116CF4F}.RelForProfile|x86.ActiveCfg = RelForProfile|x64
		{6A6637C5-407E-3415-9F4B-50A55116CF4F}.RelWithDebInfo|x64.ActiveCfg = RelWithDebInfo|x64
		{6A6637C5-407E-3415-9F4B-50A55116CF4F}.RelWithDebInfo|x64.Build.0 = RelWithDebInfo|x64
		{6A6637C5-407E-3415-9F4B-50A55116CF4F}.RelWithDebInfo|x86.ActiveCfg = RelWithDebInfo|x64
		{38673A57-275F-354B-8DA0-66FAA41D7F3C}.Debug _ITERATOR_DEBUG_LEVEL 2|x64.ActiveCfg = Debug _ITERATOR_DEBUG_LEVEL 2|x64
		{38673A57-275F-354B-8DA0-66FAA41D7F3C}.Debug _ITERATOR_DEBUG_LEVEL 2|x64.Build.0 = Debug _ITERATOR_DEBUG_LEVEL 2|x64
		{38673A57-275F-354B-8DA0-66FAA41D7F3C}.Debug _ITERATOR_DEBUG_LEVEL 2|x86.ActiveCfg = Debug _ITERATOR_DEBUG_LEVEL 2|x64
		{38673A57-275F-354B-8DA0-66FAA41D7F3C}.Debug|x64.ActiveCfg = Debug|x64
		{38673A57-275F-354B-8DA0-66FAA41D7F3C}.Debug|x64.Build.0 = Debug|x64
		{38673A57-275F-354B-8DA0-66FAA41D7F3C}.Debug|x86.ActiveCfg = Debug|x64
		{38673A57-275F-354B-8DA0-66FAA41D7F3C}.MinSizeRel|x64.ActiveCfg = MinSizeRel|x64
		{38673A57-275F-354B-8DA0-66FAA41D7F3C}.MinSizeRel|x64.Build.0 = MinSizeRel|x64
		{38673A57-275F-354B-8DA0-66FAA41D7F3C}.MinSizeRel|x86.ActiveCfg = MinSizeRel|x64
		{38673A57-275F-354B-8DA0-66FAA41D7F3C}.Release|x64.ActiveCfg = Release|x64
		{38673A57-275F-354B-8DA0-66FAA41D7F3C}.Release|x64.Build.0 = Release|x64
		{38673A57-275F-354B-8DA0-66FAA41D7F3C}.Release|x86.ActiveCfg = Release|x64
		{38673A57-275F-354B-8DA0-66FAA41D7F3C}.Release+Debug|x64.ActiveCfg = Release+Debug|x64
		{38673A57-275F-354B-8DA0-66FAA41D7F3C}.Release+Debug|x64.Build.0 = Release+Debug|x64
		{38673A57-275F-354B-8DA0-66FAA41D7F3C}.Release+Debug|x86.ActiveCfg = Release+Debug|x64
		{38673A57-275F-354B-8DA0-66FAA41D7F3C}.RelForProfile|x64.ActiveCfg = RelForProfile|x64
		{38673A57-275F-354B-8DA0-66FAA41D7F3C}.RelForProfile|x64.Build.0 = RelForProfile|x64
		{38673A57-275F-354B-8DA0-66FAA41D7F3C}.RelForProfile|x86.ActiveCfg = RelForProfile|x64
		{38673A57-275F-354B-8DA0-66FAA41D7F3C}.RelWithDebInfo|x64.ActiveCfg = RelWithDebInfo|x64
		{38673A57-275F-354B-8DA0-66FAA41D7F3C}.RelWithDebInfo|x64.Build.0 = RelWithDebInfo|x64
		{38673A57-275F-354B-8DA0-66FAA41D7F3C}.RelWithDebInfo|x86.ActiveCfg = RelWithDebInfo|x64
		{96F88127-7A5D-3E0E-9C70-4373948C2A52}.Debug _ITERATOR_DEBUG_LEVEL 2|x64.ActiveCfg = Debug|x64
		{96F88127-7A5D-3E0E-9C70-4373948C2A52}.Debug _ITERATOR_DEBUG_LEVEL 2|x86.ActiveCfg = RelWithDebInfo|x64
		{96F88127-7A5D-3E0E-9C70-4373948C2A52}.Debug|x64.ActiveCfg = Debug|x64
		{96F88127-7A5D-3E0E-9C70-4373948C2A52}.Debug|x64.Build.0 = Debug|x64
		{96F88127-7A5D-3E0E-9C70-4373948C2A52}.Debug|x86.ActiveCfg = Debug|x64
		{96F88127-7A5D-3E0E-9C70-4373948C2A52}.MinSizeRel|x64.ActiveCfg = MinSizeRel|x64
		{96F88127-7A5D-3E0E-9C70-4373948C2A52}.MinSizeRel|x64.Build.0 = MinSizeRel|x64
		{96F88127-7A5D-3E0E-9C70-4373948C2A52}.MinSizeRel|x86.ActiveCfg = MinSizeRel|x64
		{96F88127-7A5D-3E0E-9C70-4373948C2A52}.Release|x64.ActiveCfg = Release|x64
		{96F88127-7A5D-3E0E-9C70-4373948C2A52}.Release|x64.Build.0 = Release|x64
		{96F88127-7A5D-3E0E-9C70-4373948C2A52}.Release|x86.ActiveCfg = Release|x64
		{96F88127-7A5D-3E0E-9C70-4373948C2A52}.Release+Debug|x64.ActiveCfg = Release+Debug|x64
		{96F88127-7A5D-3E0E-9C70-4373948C2A52}.Release+Debug|x64.Build.0 = Release+Debug|x64
		{96F88127-7A5D-3E0E-9C70-4373948C2A52}.Release+Debug|x86.ActiveCfg = Release+Debug|x64
		{96F88127-7A5D-3E0E-9C70-4373948C2A52}.RelForProfile|x64.ActiveCfg = RelForProfile|x64
		{96F88127-7A5D-3E0E-9C70-4373948C2A52}.RelForProfile|x64.Build.0 = RelForProfile|x64
		{96F88127-7A5D-3E0E-9C70-4373948C2A52}.RelForProfile|x86.ActiveCfg = RelForProfile|x64
		{96F88127-7A5D-3E0E-9C70-4373948C2A52}.RelWithDebInfo|x64.ActiveCfg = RelWithDebInfo|x64
		{96F88127-7A5D-3E0E-9C70-4373948C2A52}.RelWithDebInfo|x64.Build.0 = RelWithDebInfo|x64
		{96F88127-7A5D-3E0E-9C70-4373948C2A52}.RelWithDebInfo|x86.ActiveCfg = RelWithDebInfo|x64
		{39F2F794-4D36-3F37-AD77-8EB0AE8D2B77}.Debug _ITERATOR_DEBUG_LEVEL 2|x64.ActiveCfg = Debug|x64
		{39F2F794-4D36-3F37-AD77-8EB0AE8D2B77}.Debug _ITERATOR_DEBUG_LEVEL 2|x86.ActiveCfg = RelWithDebInfo|x64
		{39F2F794-4D36-3F37-AD77-8EB0AE8D2B77}.Debug|x64.ActiveCfg = Debug|x64
		{39F2F794-4D36-3F37-AD77-8EB0AE8D2B77}.Debug|x64.Build.0 = Debug|x64
		{39F2F794-4D36-3F37-AD77-8EB0AE8D2B77}.Debug|x86.ActiveCfg = Debug|x64
		{39F2F794-4D36-3F37-AD77-8EB0AE8D2B77}.MinSizeRel|x64.ActiveCfg = MinSizeRel|x64
		{39F2F794-4D36-3F37-AD77-8EB0AE8D2B77}.MinSizeRel|x64.Build.0 = MinSizeRel|x64
		{39F2F794-4D36-3F37-AD77-8EB0AE8D2B77}.MinSizeRel|x86.ActiveCfg = MinSizeRel|x64
		{39F2F794-4D36-3F37-AD77-8EB0AE8D2B77}.Release|x64.ActiveCfg = Release|x64
		{39F2F794-4D36-3F37-AD77-8EB0AE8D2B77}.Release|x64.Build.0 = Release|x64
		{39F2F794-4D36-3F37-AD77-8EB0AE8D2B77}.Release|x86.ActiveCfg = Release|x64
		{39F2F794-4D36-3F37-AD77-8EB0AE8D2B77}.Release+Debug|x64.ActiveCfg = Release|x64
		{39F2F794-4D36-3F37-AD77-8EB0AE8D2B77}.Release+Debug|x86.ActiveCfg = RelWithDebInfo|x64
		{39F2F794-4D36-3F37-AD77-8EB0AE8D2B77}.RelForProfile|x64.ActiveCfg = RelWithDebInfo|x64
		{39F2F794-4D36-3F37-AD77-8EB0AE8D2B77}.RelForProfile|x86.ActiveCfg = RelWithDebInfo|x64
		{39F2F794-4D36-3F37-AD77-8EB0AE8D2B77}.RelWithDebInfo|x64.ActiveCfg = RelWithDebInfo|x64
		{39F2F794-4D36-3F37-AD77-8EB0AE8D2B77}.RelWithDebInfo|x64.Build.0 = RelWithDebInfo|x64
		{39F2F794-4D36-3F37-AD77-8EB0AE8D2B77}.RelWithDebInfo|x86.ActiveCfg = RelWithDebInfo|x64
		{9F4CF59D-B216-340B-9F6A-095B80E9F652}.Debug _ITERATOR_DEBUG_LEVEL 2|x64.ActiveCfg = Debug|x64
		{9F4CF59D-B216-340B-9F6A-095B80E9F652}.Debug _ITERATOR_DEBUG_LEVEL 2|x86.ActiveCfg = RelWithDebInfo|x64
		{9F4CF59D-B216-340B-9F6A-095B80E9F652}.Debug|x64.ActiveCfg = Debug|x64
		{9F4CF59D-B216-340B-9F6A-095B80E9F652}.Debug|x64.Build.0 = Debug|x64
		{9F4CF59D-B216-340B-9F6A-095B80E9F652}.Debug|x86.ActiveCfg = Debug|x64
		{9F4CF59D-B216-340B-9F6A-095B80E9F652}.MinSizeRel|x64.ActiveCfg = MinSizeRel|x64
		{9F4CF59D-B216-340B-9F6A-095B80E9F652}.MinSizeRel|x64.Build.0 = MinSizeRel|x64
		{9F4CF59D-B216-340B-9F6A-095B80E9F652}.MinSizeRel|x86.ActiveCfg = MinSizeRel|x64
		{9F4CF59D-B216-340B-9F6A-095B80E9F652}.Release|x64.ActiveCfg = Release|x64
		{9F4CF59D-B216-340B-9F6A-095B80E9F652}.Release|x64.Build.0 = Release|x64
		{9F4CF59D-B216-340B-9F6A-095B80E9F652}.Release|x86.ActiveCfg = Release|x64
		{9F4CF59D-B216-340B-9F6A-095B80E9F652}.Release+Debug|x64.ActiveCfg = Release|x64
		{9F4CF59D-B216-340B-9F6A-095B80E9F652}.Release+Debug|x86.ActiveCfg = RelWithDebInfo|x64
		{9F4CF59D-B216-340B-9F6A-095B80E9F652}.RelForProfile|x64.ActiveCfg = RelWithDebInfo|x64
		{9F4CF59D-B216-340B-9F6A-095B80E9F652}.RelForProfile|x86.ActiveCfg = RelWithDebInfo|x64
		{9F4CF59D-B216-340B-9F6A-095B80E9F652}.RelWithDebInfo|x64.ActiveCfg = RelWithDebInfo|x64
		{9F4CF59D-B216-340B-9F6A-095B80E9F652}.RelWithDebInfo|x64.Build.0 = RelWithDebInfo|x64
		{9F4CF59D-B216-340B-9F6A-095B80E9F652}.RelWithDebInfo|x86.ActiveCfg = RelWithDebInfo|x64
		{6ED45627-86E4-3DB6-A3F7-EB8FADA5D1C2}.Debug _ITERATOR_DEBUG_LEVEL 2|x64.ActiveCfg = Debug|x64
		{6ED45627-86E4-3DB6-A3F7-EB8FADA5D1C2}.Debug _ITERATOR_DEBUG_LEVEL 2|x86.ActiveCfg = RelWithDebInfo|x64
		{6ED45627-86E4-3DB6-A3F7-EB8FADA5D1C2}.Debug|x64.ActiveCfg = Debug|x64
		{6ED45627-86E4-3DB6-A3F7-EB8FADA5D1C2}.Debug|x64.Build.0 = Debug|x64
		{6ED45627-86E4-3DB6-A3F7-EB8FADA5D1C2}.Debug|x86.ActiveCfg = Debug|x64
		{6ED45627-86E4-3DB6-A3F7-EB8FADA5D1C2}.MinSizeRel|x64.ActiveCfg = MinSizeRel|x64
		{6ED45627-86E4-3DB6-A3F7-EB8FADA5D1C2}.MinSizeRel|x64.Build.0 = MinSizeRel|x64
		{6ED45627-86E4-3DB6-A3F7-EB8FADA5D1C2}.MinSizeRel|x86.ActiveCfg = MinSizeRel|x64
		{6ED45627-86E4-3DB6-A3F7-EB8FADA5D1C2}.Release|x64.ActiveCfg = Release|x64
		{6ED45627-86E4-3DB6-A3F7-EB8FADA5D1C2}.Release|x64.Build.0 = Release|x64
		{6ED45627-86E4-3DB6-A3F7-EB8FADA5D1C2}.Release|x86.ActiveCfg = Release|x64
		{6ED45627-86E4-3DB6-A3F7-EB8FADA5D1C2}.Release+Debug|x64.ActiveCfg = Release|x64
		{6ED45627-86E4-3DB6-A3F7-EB8FADA5D1C2}.Release+Debug|x86.ActiveCfg = RelWithDebInfo|x64
		{6ED45627-86E4-3DB6-A3F7-EB8FADA5D1C2}.RelForProfile|x64.ActiveCfg = RelWithDebInfo|x64
		{6ED45627-86E4-3DB6-A3F7-EB8FADA5D1C2}.RelForProfile|x86.ActiveCfg = RelWithDebInfo|x64
		{6ED45627-86E4-3DB6-A3F7-EB8FADA5D1C2}.RelWithDebInfo|x64.ActiveCfg = RelWithDebInfo|x64
		{6ED45627-86E4-3DB6-A3F7-EB8FADA5D1C2}.RelWithDebInfo|x64.Build.0 = RelWithDebInfo|x64
		{6ED45627-86E4-3DB6-A3F7-EB8FADA5D1C2}.RelWithDebInfo|x86.ActiveCfg = RelWithDebInfo|x64
		{BAAB88F1-4277-37E0-9AD8-BF66B408ACEE}.Debug _ITERATOR_DEBUG_LEVEL 2|x64.ActiveCfg = Debug|x64
		{BAAB88F1-4277-37E0-9AD8-BF66B408ACEE}.Debug _ITERATOR_DEBUG_LEVEL 2|x86.ActiveCfg = RelWithDebInfo|x64
		{BAAB88F1-4277-37E0-9AD8-BF66B408ACEE}.Debug|x64.ActiveCfg = Debug|x64
		{BAAB88F1-4277-37E0-9AD8-BF66B408ACEE}.Debug|x64.Build.0 = Debug|x64
		{BAAB88F1-4277-37E0-9AD8-BF66B408ACEE}.Debug|x86.ActiveCfg = Debug|x64
		{BAAB88F1-4277-37E0-9AD8-BF66B408ACEE}.MinSizeRel|x64.ActiveCfg = MinSizeRel|x64
		{BAAB88F1-4277-37E0-9AD8-BF66B408ACEE}.MinSizeRel|x64.Build.0 = MinSizeRel|x64
		{BAAB88F1-4277-37E0-9AD8-BF66B408ACEE}.MinSizeRel|x86.ActiveCfg = MinSizeRel|x64
		{BAAB88F1-4277-37E0-9AD8-BF66B408ACEE}.Release|x64.ActiveCfg = Release|x64
		{BAAB88F1-4277-37E0-9AD8-BF66B408ACEE}.Release|x64.Build.0 = Release|x64
		{BAAB88F1-4277-37E0-9AD8-BF66B408ACEE}.Release|x86.ActiveCfg = Release|x64
		{BAAB88F1-4277-37E0-9AD8-BF66B408ACEE}.Release+Debug|x64.ActiveCfg = Release|x64
		{BAAB88F1-4277-37E0-9AD8-BF66B408ACEE}.Release+Debug|x86.ActiveCfg = RelWithDebInfo|x64
		{BAAB88F1-4277-37E0-9AD8-BF66B408ACEE}.RelForProfile|x64.ActiveCfg = RelWithDebInfo|x64
		{BAAB88F1-4277-37E0-9AD8-BF66B408ACEE}.RelForProfile|x86.ActiveCfg = RelWithDebInfo|x64
		{BAAB88F1-4277-37E0-9AD8-BF66B408ACEE}.RelWithDebInfo|x64.ActiveCfg = RelWithDebInfo|x64
		{BAAB88F1-4277-37E0-9AD8-BF66B408ACEE}.RelWithDebInfo|x64.Build.0 = RelWithDebInfo|x64
		{BAAB88F1-4277-37E0-9AD8-BF66B408ACEE}.RelWithDebInfo|x86.ActiveCfg = RelWithDebInfo|x64
		{17C61023-644D-33B1-AF86-8213A8281EFF}.Debug _ITERATOR_DEBUG_LEVEL 2|x64.ActiveCfg = Debug|x64
		{17C61023-644D-33B1-AF86-8213A8281EFF}.Debug _ITERATOR_DEBUG_LEVEL 2|x86.ActiveCfg = RelWithDebInfo|x64
		{17C61023-644D-33B1-AF86-8213A8281EFF}.Debug|x64.ActiveCfg = Debug|x64
		{17C61023-644D-33B1-AF86-8213A8281EFF}.Debug|x64.Build.0 = Debug|x64
		{17C61023-644D-33B1-AF86-8213A8281EFF}.Debug|x86.ActiveCfg = Debug|x64
		{17C61023-644D-33B1-AF86-8213A8281EFF}.MinSizeRel|x64.ActiveCfg = MinSizeRel|x64
		{17C61023-644D-33B1-AF86-8213A8281EFF}.MinSizeRel|x64.Build.0 = MinSizeRel|x64
		{17C61023-644D-33B1-AF86-8213A8281EFF}.MinSizeRel|x86.ActiveCfg = MinSizeRel|x64
		{17C61023-644D-33B1-AF86-8213A8281EFF}.Release|x64.ActiveCfg = Release|x64
		{17C61023-644D-33B1-AF86-8213A8281EFF}.Release|x64.Build.0 = Release|x64
		{17C61023-644D-33B1-AF86-8213A8281EFF}.Release|x86.ActiveCfg = Release|x64
		{17C61023-644D-33B1-AF86-8213A8281EFF}.Release+Debug|x64.ActiveCfg = Release|x64
		{17C61023-644D-33B1-AF86-8213A8281EFF}.Release+Debug|x86.ActiveCfg = RelWithDebInfo|x64
		{17C61023-644D-33B1-AF86-8213A8281EFF}.RelForProfile|x64.ActiveCfg = RelWithDebInfo|x64
		{17C61023-644D-33B1-AF86-8213A8281EFF}.RelForProfile|x86.ActiveCfg = RelWithDebInfo|x64
		{17C61023-644D-33B1-AF86-8213A8281EFF}.RelWithDebInfo|x64.ActiveCfg = RelWithDebInfo|x64
		{17C61023-644D-33B1-AF86-8213A8281EFF}.RelWithDebInfo|x64.Build.0 = RelWithDebInfo|x64
		{17C61023-644D-33B1-AF86-8213A8281EFF}.RelWithDebInfo|x86.ActiveCfg = RelWithDebInfo|x64
		{29E5F215-41EB-38E0-837F-31066092BA9B}.Debug _ITERATOR_DEBUG_LEVEL 2|x64.ActiveCfg = Debug _ITERATOR_DEBUG_LEVEL 2|x64
		{29E5F215-41EB-38E0-837F-31066092BA9B}.Debug _ITERATOR_DEBUG_LEVEL 2|x64.Build.0 = Debug _ITERATOR_DEBUG_LEVEL 2|x64
		{29E5F215-41EB-38E0-837F-31066092BA9B}.Debug _ITERATOR_DEBUG_LEVEL 2|x86.ActiveCfg = Debug _ITERATOR_DEBUG_LEVEL 2|x64
		{29E5F215-41EB-38E0-837F-31066092BA9B}.Debug|x64.ActiveCfg = Debug|x64
		{29E5F215-41EB-38E0-837F-31066092BA9B}.Debug|x64.Build.0 = Debug|x64
		{29E5F215-41EB-38E0-837F-31066092BA9B}.Debug|x86.ActiveCfg = Debug|x64
		{29E5F215-41EB-38E0-837F-31066092BA9B}.MinSizeRel|x64.ActiveCfg = MinSizeRel|x64
		{29E5F215-41EB-38E0-837F-31066092BA9B}.MinSizeRel|x64.Build.0 = MinSizeRel|x64
		{29E5F215-41EB-38E0-837F-31066092BA9B}.MinSizeRel|x86.ActiveCfg = MinSizeRel|x64
		{29E5F215-41EB-38E0-837F-31066092BA9B}.Release|x64.ActiveCfg = Release|x64
		{29E5F215-41EB-38E0-837F-31066092BA9B}.Release|x64.Build.0 = Release|x64
		{29E5F215-41EB-38E0-837F-31066092BA9B}.Release|x86.ActiveCfg = Release|x64
		{29E5F215-41EB-38E0-837F-31066092BA9B}.Release+Debug|x64.ActiveCfg = Release+Debug|x64
		{29E5F215-41EB-38E0-837F-31066092BA9B}.Release+Debug|x64.Build.0 = Release+Debug|x64
		{29E5F215-41EB-38E0-837F-31066092BA9B}.Release+Debug|x86.ActiveCfg = Release+Debug|x64
		{29E5F215-41EB-38E0-837F-31066092BA9B}.RelForProfile|x64.ActiveCfg = RelForProfile|x64
		{29E5F215-41EB-38E0-837F-31066092BA9B}.RelForProfile|x64.Build.0 = RelForProfile|x64
		{29E5F215-41EB-38E0-837F-31066092BA9B}.RelForProfile|x86.ActiveCfg = RelForProfile|x64
		{29E5F215-41EB-38E0-837F-31066092BA9B}.RelWithDebInfo|x64.ActiveCfg = RelWithDebInfo|x64
		{29E5F215-41EB-38E0-837F-31066092BA9B}.RelWithDebInfo|x64.Build.0 = RelWithDebInfo|x64
		{29E5F215-41EB-38E0-837F-31066092BA9B}.RelWithDebInfo|x86.ActiveCfg = RelWithDebInfo|x64
		{C2892DCE-FD44-3BEA-AAD5-00F6ACDAE272}.Debug _ITERATOR_DEBUG_LEVEL 2|x64.ActiveCfg = Debug|x64
		{C2892DCE-FD44-3BEA-AAD5-00F6ACDAE272}.Debug _ITERATOR_DEBUG_LEVEL 2|x86.ActiveCfg = RelWithDebInfo|x64
		{C2892DCE-FD44-3BEA-AAD5-00F6ACDAE272}.Debug|x64.ActiveCfg = Debug|x64
		{C2892DCE-FD44-3BEA-AAD5-00F6ACDAE272}.Debug|x64.Build.0 = Debug|x64
		{C2892DCE-FD44-3BEA-AAD5-00F6ACDAE272}.Debug|x86.ActiveCfg = Debug|x64
		{C2892DCE-FD44-3BEA-AAD5-00F6ACDAE272}.MinSizeRel|x64.ActiveCfg = MinSizeRel|x64
		{C2892DCE-FD44-3BEA-AAD5-00F6ACDAE272}.MinSizeRel|x64.Build.0 = MinSizeRel|x64
		{C2892DCE-FD44-3BEA-AAD5-00F6ACDAE272}.MinSizeRel|x86.ActiveCfg = MinSizeRel|x64
		{C2892DCE-FD44-3BEA-AAD5-00F6ACDAE272}.Release|x64.ActiveCfg = Release|x64
		{C2892DCE-FD44-3BEA-AAD5-00F6ACDAE272}.Release|x64.Build.0 = Release|x64
		{C2892DCE-FD44-3BEA-AAD5-00F6ACDAE272}.Release|x86.ActiveCfg = Release|x64
		{C2892DCE-FD44-3BEA-AAD5-00F6ACDAE272}.Release+Debug|x64.ActiveCfg = Release|x64
		{C2892DCE-FD44-3BEA-AAD5-00F6ACDAE272}.Release+Debug|x86.ActiveCfg = RelWithDebInfo|x64
		{C2892DCE-FD44-3BEA-AAD5-00F6ACDAE272}.RelForProfile|x64.ActiveCfg = RelWithDebInfo|x64
		{C2892DCE-FD44-3BEA-AAD5-00F6ACDAE272}.RelForProfile|x86.ActiveCfg = RelWithDebInfo|x64
		{C2892DCE-FD44-3BEA-AAD5-00F6ACDAE272}.RelWithDebInfo|x64.ActiveCfg = RelWithDebInfo|x64
		{C2892DCE-FD44-3BEA-AAD5-00F6ACDAE272}.RelWithDebInfo|x64.Build.0 = RelWithDebInfo|x64
		{C2892DCE-FD44-3BEA-AAD5-00F6ACDAE272}.RelWithDebInfo|x86.ActiveCfg = RelWithDebInfo|x64
		{CCD017BE-8BC2-35C4-8C33-97A34632FADB}.Debug _ITERATOR_DEBUG_LEVEL 2|x64.ActiveCfg = Debug|x64
		{CCD017BE-8BC2-35C4-8C33-97A34632FADB}.Debug _ITERATOR_DEBUG_LEVEL 2|x86.ActiveCfg = RelWithDebInfo|x64
		{CCD017BE-8BC2-35C4-8C33-97A34632FADB}.Debug|x64.ActiveCfg = Debug|x64
		{CCD017BE-8BC2-35C4-8C33-97A34632FADB}.Debug|x64.Build.0 = Debug|x64
		{CCD017BE-8BC2-35C4-8C33-97A34632FADB}.Debug|x86.ActiveCfg = Debug|x64
		{CCD017BE-8BC2-35C4-8C33-97A34632FADB}.MinSizeRel|x64.ActiveCfg = MinSizeRel|x64
		{CCD017BE-8BC2-35C4-8C33-97A34632FADB}.MinSizeRel|x64.Build.0 = MinSizeRel|x64
		{CCD017BE-8BC2-35C4-8C33-97A34632FADB}.MinSizeRel|x86.ActiveCfg = MinSizeRel|x64
		{CCD017BE-8BC2-35C4-8C33-97A34632FADB}.Release|x64.ActiveCfg = Release|x64
		{CCD017BE-8BC2-35C4-8C33-97A34632FADB}.Release|x64.Build.0 = Release|x64
		{CCD017BE-8BC2-35C4-8C33-97A34632FADB}.Release|x86.ActiveCfg = Release|x64
		{CCD017BE-8BC2-35C4-8C33-97A34632FADB}.Release+Debug|x64.ActiveCfg = Release|x64
		{CCD017BE-8BC2-35C4-8C33-97A34632FADB}.Release+Debug|x86.ActiveCfg = RelWithDebInfo|x64
		{CCD017BE-8BC2-35C4-8C33-97A34632FADB}.RelForProfile|x64.ActiveCfg = RelWithDebInfo|x64
		{CCD017BE-8BC2-35C4-8C33-97A34632FADB}.RelForProfile|x86.ActiveCfg = RelWithDebInfo|x64
		{CCD017BE-8BC2-35C4-8C33-97A34632FADB}.RelWithDebInfo|x64.ActiveCfg = RelWithDebInfo|x64
		{CCD017BE-8BC2-35C4-8C33-97A34632FADB}.RelWithDebInfo|x64.Build.0 = RelWithDebInfo|x64
		{CCD017BE-8BC2-35C4-8C33-97A34632FADB}.RelWithDebInfo|x86.ActiveCfg = RelWithDebInfo|x64
		{F613D81C-4004-3BEF-9E4D-40B1B6D3A3E7}.Debug _ITERATOR_DEBUG_LEVEL 2|x64.ActiveCfg = Debug|x64
		{F613D81C-4004-3BEF-9E4D-40B1B6D3A3E7}.Debug _ITERATOR_DEBUG_LEVEL 2|x86.ActiveCfg = RelWithDebInfo|x64
		{F613D81C-4004-3BEF-9E4D-40B1B6D3A3E7}.Debug|x64.ActiveCfg = Debug|x64
		{F613D81C-4004-3BEF-9E4D-40B1B6D3A3E7}.Debug|x64.Build.0 = Debug|x64
		{F613D81C-4004-3BEF-9E4D-40B1B6D3A3E7}.Debug|x86.ActiveCfg = Debug|x64
		{F613D81C-4004-3BEF-9E4D-40B1B6D3A3E7}.MinSizeRel|x64.ActiveCfg = MinSizeRel|x64
		{F613D81C-4004-3BEF-9E4D-40B1B6D3A3E7}.MinSizeRel|x64.Build.0 = MinSizeRel|x64
		{F613D81C-4004-3BEF-9E4D-40B1B6D3A3E7}.MinSizeRel|x86.ActiveCfg = MinSizeRel|x64
		{F613D81C-4004-3BEF-9E4D-40B1B6D3A3E7}.Release|x64.ActiveCfg = Release|x64
		{F613D81C-4004-3BEF-9E4D-40B1B6D3A3E7}.Release|x64.Build.0 = Release|x64
		{F613D81C-4004-3BEF-9E4D-40B1B6D3A3E7}.Release|x86.ActiveCfg = Release|x64
		{F613D81C-4004-3BEF-9E4D-40B1B6D3A3E7}.Release+Debug|x64.ActiveCfg = Release|x64
		{F613D81C-4004-3BEF-9E4D-40B1B6D3A3E7}.Release+Debug|x86.ActiveCfg = RelWithDebInfo|x64
		{F613D81C-4004-3BEF-9E4D-40B1B6D3A3E7}.RelForProfile|x64.ActiveCfg = RelWithDebInfo|x64
		{F613D81C-4004-3BEF-9E4D-40B1B6D3A3E7}.RelForProfile|x86.ActiveCfg = RelWithDebInfo|x64
		{F613D81C-4004-3BEF-9E4D-40B1B6D3A3E7}.RelWithDebInfo|x64.ActiveCfg = RelWithDebInfo|x64
		{F613D81C-4004-3BEF-9E4D-40B1B6D3A3E7}.RelWithDebInfo|x64.Build.0 = RelWithDebInfo|x64
		{F613D81C-4004-3BEF-9E4D-40B1B6D3A3E7}.RelWithDebInfo|x86.ActiveCfg = RelWithDebInfo|x64
		{A9F6AEC0-C2E8-3F59-A9A5-9FDFFC3E5003}.Debug _ITERATOR_DEBUG_LEVEL 2|x64.ActiveCfg = Debug|x64
		{A9F6AEC0-C2E8-3F59-A9A5-9FDFFC3E5003}.Debug _ITERATOR_DEBUG_LEVEL 2|x86.ActiveCfg = RelWithDebInfo|x64
		{A9F6AEC0-C2E8-3F59-A9A5-9FDFFC3E5003}.Debug|x64.ActiveCfg = Debug|x64
		{A9F6AEC0-C2E8-3F59-A9A5-9FDFFC3E5003}.Debug|x64.Build.0 = Debug|x64
		{A9F6AEC0-C2E8-3F59-A9A5-9FDFFC3E5003}.Debug|x86.ActiveCfg = Debug|x64
		{A9F6AEC0-C2E8-3F59-A9A5-9FDFFC3E5003}.MinSizeRel|x64.ActiveCfg = MinSizeRel|x64
		{A9F6AEC0-C2E8-3F59-A9A5-9FDFFC3E5003}.MinSizeRel|x64.Build.0 = MinSizeRel|x64
		{A9F6AEC0-C2E8-3F59-A9A5-9FDFFC3E5003}.MinSizeRel|x86.ActiveCfg = MinSizeRel|x64
		{A9F6AEC0-C2E8-3F59-A9A5-9FDFFC3E5003}.Release|x64.ActiveCfg = Release|x64
		{A9F6AEC0-C2E8-3F59-A9A5-9FDFFC3E5003}.Release|x64.Build.0 = Release|x64
		{A9F6AEC0-C2E8-3F59-A9A5-9FDFFC3E5003}.Release|x86.ActiveCfg = Release|x64
		{A9F6AEC0-C2E8-3F59-A9A5-9FDFFC3E5003}.Release+Debug|x64.ActiveCfg = Release|x64
		{A9F6AEC0-C2E8-3F59-A9A5-9FDFFC3E5003}.Release+Debug|x86.ActiveCfg = RelWithDebInfo|x64
		{A9F6AEC0-C2E8-3F59-A9A5-9FDFFC3E5003}.RelForProfile|x64.ActiveCfg = RelWithDebInfo|x64
		{A9F6AEC0-C2E8-3F59-A9A5-9FDFFC3E5003}.RelForProfile|x86.ActiveCfg = RelWithDebInfo|x64
		{A9F6AEC0-C2E8-3F59-A9A5-9FDFFC3E5003}.RelWithDebInfo|x64.ActiveCfg = RelWithDebInfo|x64
		{A9F6AEC0-C2E8-3F59-A9A5-9FDFFC3E5003}.RelWithDebInfo|x64.Build.0 = RelWithDebInfo|x64
		{A9F6AEC0-C2E8-3F59-A9A5-9FDFFC3E5003}.RelWithDebInfo|x86.ActiveCfg = RelWithDebInfo|x64
		{A8D3CEDE-BCEE-3E2A-B45A-3B6AE7E6C4CE}.Debug _ITERATOR_DEBUG_LEVEL 2|x64.ActiveCfg = Debug|x64
		{A8D3CEDE-BCEE-3E2A-B45A-3B6AE7E6C4CE}.Debug _ITERATOR_DEBUG_LEVEL 2|x86.ActiveCfg = RelWithDebInfo|x64
		{A8D3CEDE-BCEE-3E2A-B45A-3B6AE7E6C4CE}.Debug|x64.ActiveCfg = Debug|x64
		{A8D3CEDE-BCEE-3E2A-B45A-3B6AE7E6C4CE}.Debug|x64.Build.0 = Debug|x64
		{A8D3CEDE-BCEE-3E2A-B45A-3B6AE7E6C4CE}.Debug|x86.ActiveCfg = Debug|x64
		{A8D3CEDE-BCEE-3E2A-B45A-3B6AE7E6C4CE}.MinSizeRel|x64.ActiveCfg = MinSizeRel|x64
		{A8D3CEDE-BCEE-3E2A-B45A-3B6AE7E6C4CE}.MinSizeRel|x64.Build.0 = MinSizeRel|x64
		{A8D3CEDE-BCEE-3E2A-B45A-3B6AE7E6C4CE}.MinSizeRel|x86.ActiveCfg = MinSizeRel|x64
		{A8D3CEDE-BCEE-3E2A-B45A-3B6AE7E6C4CE}.Release|x64.ActiveCfg = Release|x64
		{A8D3CEDE-BCEE-3E2A-B45A-3B6AE7E6C4CE}.Release|x64.Build.0 = Release|x64
		{A8D3CEDE-BCEE-3E2A-B45A-3B6AE7E6C4CE}.Release|x86.ActiveCfg = Release|x64
		{A8D3CEDE-BCEE-3E2A-B45A-3B6AE7E6C4CE}.Release+Debug|x64.ActiveCfg = Release|x64
		{A8D3CEDE-BCEE-3E2A-B45A-3B6AE7E6C4CE}.Release+Debug|x86.ActiveCfg = RelWithDebInfo|x64
		{A8D3CEDE-BCEE-3E2A-B45A-3B6AE7E6C4CE}.RelForProfile|x64.ActiveCfg = RelWithDebInfo|x64
		{A8D3CEDE-BCEE-3E2A-B45A-3B6AE7E6C4CE}.RelForProfile|x86.ActiveCfg = RelWithDebInfo|x64
		{A8D3CEDE-BCEE-3E2A-B45A-3B6AE7E6C4CE}.RelWithDebInfo|x64.ActiveCfg = RelWithDebInfo|x64
		{A8D3CEDE-BCEE-3E2A-B45A-3B6AE7E6C4CE}.RelWithDebInfo|x64.Build.0 = RelWithDebInfo|x64
		{A8D3CEDE-BCEE-3E2A-B45A-3B6AE7E6C4CE}.RelWithDebInfo|x86.ActiveCfg = RelWithDebInfo|x64
		{FB6279DF-A75D-33AB-8E2C-56128459804D}.Debug _ITERATOR_DEBUG_LEVEL 2|x64.ActiveCfg = Debug|x64
		{FB6279DF-A75D-33AB-8E2C-56128459804D}.Debug _ITERATOR_DEBUG_LEVEL 2|x86.ActiveCfg = RelWithDebInfo|x64
		{FB6279DF-A75D-33AB-8E2C-56128459804D}.Debug|x64.ActiveCfg = Debug|x64
		{FB6279DF-A75D-33AB-8E2C-56128459804D}.Debug|x64.Build.0 = Debug|x64
		{FB6279DF-A75D-33AB-8E2C-56128459804D}.Debug|x86.ActiveCfg = Debug|x64
		{FB6279DF-A75D-33AB-8E2C-56128459804D}.MinSizeRel|x64.ActiveCfg = MinSizeRel|x64
		{FB6279DF-A75D-33AB-8E2C-56128459804D}.MinSizeRel|x64.Build.0 = MinSizeRel|x64
		{FB6279DF-A75D-33AB-8E2C-56128459804D}.MinSizeRel|x86.ActiveCfg = MinSizeRel|x64
		{FB6279DF-A75D-33AB-8E2C-56128459804D}.Release|x64.ActiveCfg = Release|x64
		{FB6279DF-A75D-33AB-8E2C-56128459804D}.Release|x64.Build.0 = Release|x64
		{FB6279DF-A75D-33AB-8E2C-56128459804D}.Release|x86.ActiveCfg = Release|x64
		{FB6279DF-A75D-33AB-8E2C-56128459804D}.Release+Debug|x64.ActiveCfg = Release|x64
		{FB6279DF-A75D-33AB-8E2C-56128459804D}.Release+Debug|x86.ActiveCfg = RelWithDebInfo|x64
		{FB6279DF-A75D-33AB-8E2C-56128459804D}.RelForProfile|x64.ActiveCfg = RelWithDebInfo|x64
		{FB6279DF-A75D-33AB-8E2C-56128459804D}.RelForProfile|x86.ActiveCfg = RelWithDebInfo|x64
		{FB6279DF-A75D-33AB-8E2C-56128459804D}.RelWithDebInfo|x64.ActiveCfg = RelWithDebInfo|x64
		{FB6279DF-A75D-33AB-8E2C-56128459804D}.RelWithDebInfo|x64.Build.0 = RelWithDebInfo|x64
		{FB6279DF-A75D-33AB-8E2C-56128459804D}.RelWithDebInfo|x86.ActiveCfg = RelWithDebInfo|x64
		{668DF7FC-0867-3822-9511-43C3856FCF66}.Debug _ITERATOR_DEBUG_LEVEL 2|x64.ActiveCfg = Debug _ITERATOR_DEBUG_LEVEL 2|x64
		{668DF7FC-0867-3822-9511-43C3856FCF66}.Debug _ITERATOR_DEBUG_LEVEL 2|x64.Build.0 = Debug _ITERATOR_DEBUG_LEVEL 2|x64
		{668DF7FC-0867-3822-9511-43C3856FCF66}.Debug _ITERATOR_DEBUG_LEVEL 2|x86.ActiveCfg = Debug _ITERATOR_DEBUG_LEVEL 2|x64
		{668DF7FC-0867-3822-9511-43C3856FCF66}.Debug|x64.ActiveCfg = Debug|x64
		{668DF7FC-0867-3822-9511-43C3856FCF66}.Debug|x64.Build.0 = Debug|x64
		{668DF7FC-0867-3822-9511-43C3856FCF66}.Debug|x86.ActiveCfg = Debug|x64
		{668DF7FC-0867-3822-9511-43C3856FCF66}.MinSizeRel|x64.ActiveCfg = MinSizeRel|x64
		{668DF7FC-0867-3822-9511-43C3856FCF66}.MinSizeRel|x64.Build.0 = MinSizeRel|x64
		{668DF7FC-0867-3822-9511-43C3856FCF66}.MinSizeRel|x86.ActiveCfg = MinSizeRel|x64
		{668DF7FC-0867-3822-9511-43C3856FCF66}.Release|x64.ActiveCfg = Release|x64
		{668DF7FC-0867-3822-9511-43C3856FCF66}.Release|x64.Build.0 = Release|x64
		{668DF7FC-0867-3822-9511-43C3856FCF66}.Release|x86.ActiveCfg = Release|x64
		{668DF7FC-0867-3822-9511-43C3856FCF66}.Release+Debug|x64.ActiveCfg = Release+Debug|x64
		{668DF7FC-0867-3822-9511-43C3856FCF66}.Release+Debug|x64.Build.0 = Release+Debug|x64
		{668DF7FC-0867-3822-9511-43C3856FCF66}.Release+Debug|x86.ActiveCfg = Release+Debug|x64
		{668DF7FC-0867-3822-9511-43C3856FCF66}.RelForProfile|x64.ActiveCfg = RelForProfile|x64
		{668DF7FC-0867-3822-9511-43C3856FCF66}.RelForProfile|x64.Build.0 = RelForProfile|x64
		{668DF7FC-0867-3822-9511-43C3856FCF66}.RelForProfile|x86.ActiveCfg = RelForProfile|x64
		{668DF7FC-0867-3822-9511-43C3856FCF66}.RelWithDebInfo|x64.ActiveCfg = RelWithDebInfo|x64
		{668DF7FC-0867-3822-9511-43C3856FCF66}.RelWithDebInfo|x64.Build.0 = RelWithDebInfo|x64
		{668DF7FC-0867-3822-9511-43C3856FCF66}.RelWithDebInfo|x86.ActiveCfg = RelWithDebInfo|x64
		{35E7376B-D4AF-3BA7-9879-C53F891238D5}.Debug _ITERATOR_DEBUG_LEVEL 2|x64.ActiveCfg = Debug|x64
		{35E7376B-D4AF-3BA7-9879-C53F891238D5}.Debug _ITERATOR_DEBUG_LEVEL 2|x86.ActiveCfg = RelWithDebInfo|x64
		{35E7376B-D4AF-3BA7-9879-C53F891238D5}.Debug|x64.ActiveCfg = Debug|x64
		{35E7376B-D4AF-3BA7-9879-C53F891238D5}.Debug|x64.Build.0 = Debug|x64
		{35E7376B-D4AF-3BA7-9879-C53F891238D5}.Debug|x86.ActiveCfg = Debug|x64
		{35E7376B-D4AF-3BA7-9879-C53F891238D5}.MinSizeRel|x64.ActiveCfg = MinSizeRel|x64
		{35E7376B-D4AF-3BA7-9879-C53F891238D5}.MinSizeRel|x64.Build.0 = MinSizeRel|x64
		{35E7376B-D4AF-3BA7-9879-C53F891238D5}.MinSizeRel|x86.ActiveCfg = MinSizeRel|x64
		{35E7376B-D4AF-3BA7-9879-C53F891238D5}.Release|x64.ActiveCfg = Release|x64
		{35E7376B-D4AF-3BA7-9879-C53F891238D5}.Release|x64.Build.0 = Release|x64
		{35E7376B-D4AF-3BA7-9879-C53F891238D5}.Release|x86.ActiveCfg = Release|x64
		{35E7376B-D4AF-3BA7-9879-C53F891238D5}.Release+Debug|x64.ActiveCfg = Release+Debug|x64
		{35E7376B-D4AF-3BA7-9879-C53F891238D5}.Release+Debug|x64.Build.0 = Release+Debug|x64
		{35E7376B-D4AF-3BA7-9879-C53F891238D5}.Release+Debug|x86.ActiveCfg = Release+Debug|x64
		{35E7376B-D4AF-3BA7-9879-C53F891238D5}.RelForProfile|x64.ActiveCfg = RelForProfile|x64
		{35E7376B-D4AF-3BA7-9879-C53F891238D5}.RelForProfile|x64.Build.0 = RelForProfile|x64
		{35E7376B-D4AF-3BA7-9879-C53F891238D5}.RelForProfile|x86.ActiveCfg = RelForProfile|x64
		{35E7376B-D4AF-3BA7-9879-C53F891238D5}.RelWithDebInfo|x64.ActiveCfg = RelWithDebInfo|x64
		{35E7376B-D4AF-3BA7-9879-C53F891238D5}.RelWithDebInfo|x64.Build.0 = RelWithDebInfo|x64
		{35E7376B-D4AF-3BA7-9879-C53F891238D5}.RelWithDebInfo|x86.ActiveCfg = RelWithDebInfo|x64
		{4F3F1B81-A274-3024-8488-EA99371F0723}.Debug _ITERATOR_DEBUG_LEVEL 2|x64.ActiveCfg = Debug|x64
		{4F3F1B81-A274-3024-8488-EA99371F0723}.Debug _ITERATOR_DEBUG_LEVEL 2|x86.ActiveCfg = RelWithDebInfo|x64
		{4F3F1B81-A274-3024-8488-EA99371F0723}.Debug|x64.ActiveCfg = Debug|x64
		{4F3F1B81-A274-3024-8488-EA99371F0723}.Debug|x64.Build.0 = Debug|x64
		{4F3F1B81-A274-3024-8488-EA99371F0723}.Debug|x86.ActiveCfg = Debug|x64
		{4F3F1B81-A274-3024-8488-EA99371F0723}.MinSizeRel|x64.ActiveCfg = MinSizeRel|x64
		{4F3F1B81-A274-3024-8488-EA99371F0723}.MinSizeRel|x64.Build.0 = MinSizeRel|x64
		{4F3F1B81-A274-3024-8488-EA99371F0723}.MinSizeRel|x86.ActiveCfg = MinSizeRel|x64
		{4F3F1B81-A274-3024-8488-EA99371F0723}.Release|x64.ActiveCfg = Release|x64
		{4F3F1B81-A274-3024-8488-EA99371F0723}.Release|x64.Build.0 = Release|x64
		{4F3F1B81-A274-3024-8488-EA99371F0723}.Release|x86.ActiveCfg = Release|x64
		{4F3F1B81-A274-3024-8488-EA99371F0723}.Release+Debug|x64.ActiveCfg = Release|x64
		{4F3F1B81-A274-3024-8488-EA99371F0723}.Release+Debug|x86.ActiveCfg = RelWithDebInfo|x64
		{4F3F1B81-A274-3024-8488-EA99371F0723}.RelForProfile|x64.ActiveCfg = RelWithDebInfo|x64
		{4F3F1B81-A274-3024-8488-EA99371F0723}.RelForProfile|x86.ActiveCfg = RelWithDebInfo|x64
		{4F3F1B81-A274-3024-8488-EA99371F0723}.RelWithDebInfo|x64.ActiveCfg = RelWithDebInfo|x64
		{4F3F1B81-A274-3024-8488-EA99371F0723}.RelWithDebInfo|x64.Build.0 = RelWithDebInfo|x64
		{4F3F1B81-A274-3024-8488-EA99371F0723}.RelWithDebInfo|x86.ActiveCfg = RelWithDebInfo|x64
		{D8A8CFAE-4808-3B26-9729-F70F5B1A840A}.Debug _ITERATOR_DEBUG_LEVEL 2|x64.ActiveCfg = Debug|x64
		{D8A8CFAE-4808-3B26-9729-F70F5B1A840A}.Debug _ITERATOR_DEBUG_LEVEL 2|x86.ActiveCfg = RelWithDebInfo|x64
		{D8A8CFAE-4808-3B26-9729-F70F5B1A840A}.Debug|x64.ActiveCfg = Debug|x64
		{D8A8CFAE-4808-3B26-9729-F70F5B1A840A}.Debug|x64.Build.0 = Debug|x64
		{D8A8CFAE-4808-3B26-9729-F70F5B1A840A}.Debug|x86.ActiveCfg = Debug|x64
		{D8A8CFAE-4808-3B26-9729-F70F5B1A840A}.MinSizeRel|x64.ActiveCfg = MinSizeRel|x64
		{D8A8CFAE-4808-3B26-9729-F70F5B1A840A}.MinSizeRel|x64.Build.0 = MinSizeRel|x64
		{D8A8CFAE-4808-3B26-9729-F70F5B1A840A}.MinSizeRel|x86.ActiveCfg = MinSizeRel|x64
		{D8A8CFAE-4808-3B26-9729-F70F5B1A840A}.Release|x64.ActiveCfg = Release|x64
		{D8A8CFAE-4808-3B26-9729-F70F5B1A840A}.Release|x64.Build.0 = Release|x64
		{D8A8CFAE-4808-3B26-9729-F70F5B1A840A}.Release|x86.ActiveCfg = Release|x64
		{D8A8CFAE-4808-3B26-9729-F70F5B1A840A}.Release+Debug|x64.ActiveCfg = Release|x64
		{D8A8CFAE-4808-3B26-9729-F70F5B1A840A}.Release+Debug|x86.ActiveCfg = RelWithDebInfo|x64
		{D8A8CFAE-4808-3B26-9729-F70F5B1A840A}.RelForProfile|x64.ActiveCfg = RelWithDebInfo|x64
		{D8A8CFAE-4808-3B26-9729-F70F5B1A840A}.RelForProfile|x86.ActiveCfg = RelWithDebInfo|x64
		{D8A8CFAE-4808-3B26-9729-F70F5B1A840A}.RelWithDebInfo|x64.ActiveCfg = RelWithDebInfo|x64
		{D8A8CFAE-4808-3B26-9729-F70F5B1A840A}.RelWithDebInfo|x64.Build.0 = RelWithDebInfo|x64
		{D8A8CFAE-4808-3B26-9729-F70F5B1A840A}.RelWithDebInfo|x86.ActiveCfg = RelWithDebInfo|x64
		{8EFA275F-4147-4274-8C5E-38063E39310D}.Debug _ITERATOR_DEBUG_LEVEL 2|x64.ActiveCfg = Debug _ITERATOR_DEBUG_LEVEL 2|x64
		{8EFA275F-4147-4274-8C5E-38063E39310D}.Debug _ITERATOR_DEBUG_LEVEL 2|x64.Build.0 = Debug _ITERATOR_DEBUG_LEVEL 2|x64
		{8EFA275F-4147-4274-8C5E-38063E39310D}.Debug _ITERATOR_DEBUG_LEVEL 2|x86.ActiveCfg = Debug _ITERATOR_DEBUG_LEVEL 2|x64
		{8EFA275F-4147-4274-8C5E-38063E39310D}.Debug|x64.ActiveCfg = Debug|x64
		{8EFA275F-4147-4274-8C5E-38063E39310D}.Debug|x64.Build.0 = Debug|x64
		{8EFA275F-4147-4274-8C5E-38063E39310D}.Debug|x86.ActiveCfg = Debug|x64
		{8EFA275F-4147-4274-8C5E-38063E39310D}.MinSizeRel|x64.ActiveCfg = MinSizeRel|x64
		{8EFA275F-4147-4274-8C5E-38063E39310D}.MinSizeRel|x64.Build.0 = MinSizeRel|x64
		{8EFA275F-4147-4274-8C5E-38063E39310D}.MinSizeRel|x86.ActiveCfg = MinSizeRel|x64
		{8EFA275F-4147-4274-8C5E-38063E39310D}.Release|x64.ActiveCfg = Release|x64
		{8EFA275F-4147-4274-8C5E-38063E39310D}.Release|x64.Build.0 = Release|x64
		{8EFA275F-4147-4274-8C5E-38063E39310D}.Release|x86.ActiveCfg = Release|x64
		{8EFA275F-4147-4274-8C5E-38063E39310D}.Release+Debug|x64.ActiveCfg = Release+Debug|x64
		{8EFA275F-4147-4274-8C5E-38063E39310D}.Release+Debug|x64.Build.0 = Release+Debug|x64
		{8EFA275F-4147-4274-8C5E-38063E39310D}.Release+Debug|x86.ActiveCfg = Release+Debug|x64
		{8EFA275F-4147-4274-8C5E-38063E39310D}.RelForProfile|x64.ActiveCfg = RelForProfile|x64
		{8EFA275F-4147-4274-8C5E-38063E39310D}.RelForProfile|x64.Build.0 = RelForProfile|x64
		{8EFA275F-4147-4274-8C5E-38063E39310D}.RelForProfile|x86.ActiveCfg = RelForProfile|x64
		{8EFA275F-4147-4274-8C5E-38063E39310D}.RelWithDebInfo|x64.ActiveCfg = RelWithDebInfo|x64
		{8EFA275F-4147-4274-8C5E-38063E39310D}.RelWithDebInfo|x64.Build.0 = RelWithDebInfo|x64
		{8EFA275F-4147-4274-8C5E-38063E39310D}.RelWithDebInfo|x86.ActiveCfg = RelWithDebInfo|x64
		{B3562729-6DF7-4AAA-9188-9EFE9197F06B}.Debug _ITERATOR_DEBUG_LEVEL 2|x64.ActiveCfg = Debug _ITERATOR_DEBUG_LEVEL 2|x64
		{B3562729-6DF7-4AAA-9188-9EFE9197F06B}.Debug _ITERATOR_DEBUG_LEVEL 2|x64.Build.0 = Debug _ITERATOR_DEBUG_LEVEL 2|x64
		{B3562729-6DF7-4AAA-9188-9EFE9197F06B}.Debug _ITERATOR_DEBUG_LEVEL 2|x86.ActiveCfg = Debug _ITERATOR_DEBUG_LEVEL 2|x64
		{B3562729-6DF7-4AAA-9188-9EFE9197F06B}.Debug|x64.ActiveCfg = Debug|x64
		{B3562729-6DF7-4AAA-9188-9EFE9197F06B}.Debug|x64.Build.0 = Debug|x64
		{B3562729-6DF7-4AAA-9188-9EFE9197F06B}.Debug|x86.ActiveCfg = Debug|x64
		{B3562729-6DF7-4AAA-9188-9EFE9197F06B}.MinSizeRel|x64.ActiveCfg = MinSizeRel|x64
		{B3562729-6DF7-4AAA-9188-9EFE9197F06B}.MinSizeRel|x64.Build.0 = MinSizeRel|x64
		{B3562729-6DF7-4AAA-9188-9EFE9197F06B}.MinSizeRel|x86.ActiveCfg = MinSizeRel|x64
		{B3562729-6DF7-4AAA-9188-9EFE9197F06B}.Release|x64.ActiveCfg = Release|x64
		{B3562729-6DF7-4AAA-9188-9EFE9197F06B}.Release|x64.Build.0 = Release|x64
		{B3562729-6DF7-4AAA-9188-9EFE9197F06B}.Release|x86.ActiveCfg = Release|x64
		{B3562729-6DF7-4AAA-9188-9EFE9197F06B}.Release+Debug|x64.ActiveCfg = Release+Debug|x64
		{B3562729-6DF7-4AAA-9188-9EFE9197F06B}.Release+Debug|x64.Build.0 = Release+Debug|x64
		{B3562729-6DF7-4AAA-9188-9EFE9197F06B}.Release+Debug|x86.ActiveCfg = Release+Debug|x64
		{B3562729-6DF7-4AAA-9188-9EFE9197F06B}.RelForProfile|x64.ActiveCfg = RelForProfile|x64
		{B3562729-6DF7-4AAA-9188-9EFE9197F06B}.RelForProfile|x64.Build.0 = RelForProfile|x64
		{B3562729-6DF7-4AAA-9188-9EFE9197F06B}.RelForProfile|x86.ActiveCfg = RelForProfile|x64
		{B3562729-6DF7-4AAA-9188-9EFE9197F06B}.RelWithDebInfo|x64.ActiveCfg = RelWithDebInfo|x64
		{B3562729-6DF7-4AAA-9188-9EFE9197F06B}.RelWithDebInfo|x64.Build.0 = RelWithDebInfo|x64
		{B3562729-6DF7-4AAA-9188-9EFE9197F06B}.RelWithDebInfo|x86.ActiveCfg = RelWithDebInfo|x64
		{C886BDA9-640A-4922-A9EF-A052FB36E417}.Debug _ITERATOR_DEBUG_LEVEL 2|x64.ActiveCfg = Debug _ITERATOR_DEBUG_LEVEL 2|x64
		{C886BDA9-640A-4922-A9EF-A052FB36E417}.Debug _ITERATOR_DEBUG_LEVEL 2|x64.Build.0 = Debug _ITERATOR_DEBUG_LEVEL 2|x64
		{C886BDA9-640A-4922-A9EF-A052FB36E417}.Debug _ITERATOR_DEBUG_LEVEL 2|x86.ActiveCfg = Debug _ITERATOR_DEBUG_LEVEL 2|x64
		{C886BDA9-640A-4922-A9EF-A052FB36E417}.Debug|x64.ActiveCfg = Debug|x64
		{C886BDA9-640A-4922-A9EF-A052FB36E417}.Debug|x64.Build.0 = Debug|x64
		{C886BDA9-640A-4922-A9EF-A052FB36E417}.Debug|x86.ActiveCfg = Debug|x64
		{C886BDA9-640A-4922-A9EF-A052FB36E417}.MinSizeRel|x64.ActiveCfg = MinSizeRel|x64
		{C886BDA9-640A-4922-A9EF-A052FB36E417}.MinSizeRel|x64.Build.0 = MinSizeRel|x64
		{C886BDA9-640A-4922-A9EF-A052FB36E417}.MinSizeRel|x86.ActiveCfg = MinSizeRel|x64
		{C886BDA9-640A-4922-A9EF-A052FB36E417}.Release|x64.ActiveCfg = Release|x64
		{C886BDA9-640A-4922-A9EF-A052FB36E417}.Release|x64.Build.0 = Release|x64
		{C886BDA9-640A-4922-A9EF-A052FB36E417}.Release|x86.ActiveCfg = Release|x64
		{C886BDA9-640A-4922-A9EF-A052FB36E417}.Release+Debug|x64.ActiveCfg = Release+Debug|x64
		{C886BDA9-640A-4922-A9EF-A052FB36E417}.Release+Debug|x64.Build.0 = Release+Debug|x64
		{C886BDA9-640A-4922-A9EF-A052FB36E417}.Release+Debug|x86.ActiveCfg = Release+Debug|x64
		{C886BDA9-640A-4922-A9EF-A052FB36E417}.RelForProfile|x64.ActiveCfg = RelForProfile|x64
		{C886BDA9-640A-4922-A9EF-A052FB36E417}.RelForProfile|x64.Build.0 = RelForProfile|x64
		{C886BDA9-640A-4922-A9EF-A052FB36E417}.RelForProfile|x86.ActiveCfg = RelForProfile|x64
		{C886BDA9-640A-4922-A9EF-A052FB36E417}.RelWithDebInfo|x64.ActiveCfg = RelWithDebInfo|x64
		{C886BDA9-640A-4922-A9EF-A052FB36E417}.RelWithDebInfo|x64.Build.0 = RelWithDebInfo|x64
		{C886BDA9-640A-4922-A9EF-A052FB36E417}.RelWithDebInfo|x86.ActiveCfg = RelWithDebInfo|x64
		{D5F94E88-AEEE-474E-A665-3E77A697D00D}.Debug _ITERATOR_DEBUG_LEVEL 2|x64.ActiveCfg = Debug _ITERATOR_DEBUG_LEVEL 2|x64
		{D5F94E88-AEEE-474E-A665-3E77A697D00D}.Debug _ITERATOR_DEBUG_LEVEL 2|x64.Build.0 = Debug _ITERATOR_DEBUG_LEVEL 2|x64
		{D5F94E88-AEEE-474E-A665-3E77A697D00D}.Debug _ITERATOR_DEBUG_LEVEL 2|x86.ActiveCfg = Debug _ITERATOR_DEBUG_LEVEL 2|x64
		{D5F94E88-AEEE-474E-A665-3E77A697D00D}.Debug|x64.ActiveCfg = Debug|x64
		{D5F94E88-AEEE-474E-A665-3E77A697D00D}.Debug|x64.Build.0 = Debug|x64
		{D5F94E88-AEEE-474E-A665-3E77A697D00D}.Debug|x86.ActiveCfg = Debug|x64
		{D5F94E88-AEEE-474E-A665-3E77A697D00D}.MinSizeRel|x64.ActiveCfg = MinSizeRel|x64
		{D5F94E88-AEEE-474E-A665-3E77A697D00D}.MinSizeRel|x64.Build.0 = MinSizeRel|x64
		{D5F94E88-AEEE-474E-A665-3E77A697D00D}.MinSizeRel|x86.ActiveCfg = MinSizeRel|x64
		{D5F94E88-AEEE-474E-A665-3E77A697D00D}.Release|x64.ActiveCfg = Release|x64
		{D5F94E88-AEEE-474E-A665-3E77A697D00D}.Release|x64.Build.0 = Release|x64
		{D5F94E88-AEEE-474E-A665-3E77A697D00D}.Release|x86.ActiveCfg = Release|x64
		{D5F94E88-AEEE-474E-A665-3E77A697D00D}.Release+Debug|x64.ActiveCfg = Release+Debug|x64
		{D5F94E88-AEEE-474E-A665-3E77A697D00D}.Release+Debug|x64.Build.0 = Release+Debug|x64
		{D5F94E88-AEEE-474E-A665-3E77A697D00D}.Release+Debug|x86.ActiveCfg = Release+Debug|x64
		{D5F94E88-AEEE-474E-A665-3E77A697D00D}.RelForProfile|x64.ActiveCfg = RelForProfile|x64
		{D5F94E88-AEEE-474E-A665-3E77A697D00D}.RelForProfile|x64.Build.0 = RelForProfile|x64
		{D5F94E88-AEEE-474E-A665-3E77A697D00D}.RelForProfile|x86.ActiveCfg = RelForProfile|x64
		{D5F94E88-AEEE-474E-A665-3E77A697D00D}.RelWithDebInfo|x64.ActiveCfg = RelWithDebInfo|x64
		{D5F94E88-AEEE-474E-A665-3E77A697D00D}.RelWithDebInfo|x64.Build.0 = RelWithDebInfo|x64
		{D5F94E88-AEEE-474E-A665-3E77A697D00D}.RelWithDebInfo|x86.ActiveCfg = RelWithDebInfo|x64
		{55A0332E-4990-4C89-A507-F5D014AD8065}.Debug _ITERATOR_DEBUG_LEVEL 2|x64.ActiveCfg = Debug _ITERATOR_DEBUG_LEVEL 2|x64
		{55A0332E-4990-4C89-A507-F5D014AD8065}.Debug _ITERATOR_DEBUG_LEVEL 2|x64.Build.0 = Debug _ITERATOR_DEBUG_LEVEL 2|x64
		{55A0332E-4990-4C89-A507-F5D014AD8065}.Debug _ITERATOR_DEBUG_LEVEL 2|x86.ActiveCfg = Debug _ITERATOR_DEBUG_LEVEL 2|x64
		{55A0332E-4990-4C89-A507-F5D014AD8065}.Debug|x64.ActiveCfg = Debug|x64
		{55A0332E-4990-4C89-A507-F5D014AD8065}.Debug|x64.Build.0 = Debug|x64
		{55A0332E-4990-4C89-A507-F5D014AD8065}.Debug|x86.ActiveCfg = Debug|x64
		{55A0332E-4990-4C89-A507-F5D014AD8065}.MinSizeRel|x64.ActiveCfg = MinSizeRel|x64
		{55A0332E-4990-4C89-A507-F5D014AD8065}.MinSizeRel|x64.Build.0 = MinSizeRel|x64
		{55A0332E-4990-4C89-A507-F5D014AD8065}.MinSizeRel|x86.ActiveCfg = MinSizeRel|x64
		{55A0332E-4990-4C89-A507-F5D014AD8065}.Release|x64.ActiveCfg = Release|x64
		{55A0332E-4990-4C89-A507-F5D014AD8065}.Release|x64.Build.0 = Release|x64
		{55A0332E-4990-4C89-A507-F5D014AD8065}.Release|x86.ActiveCfg = Release|x64
		{55A0332E-4990-4C89-A507-F5D014AD8065}.Release+Debug|x64.ActiveCfg = Release+Debug|x64
		{55A0332E-4990-4C89-A507-F5D014AD8065}.Release+Debug|x64.Build.0 = Release+Debug|x64
		{55A0332E-4990-4C89-A507-F5D014AD8065}.Release+Debug|x86.ActiveCfg = Release+Debug|x64
		{55A0332E-4990-4C89-A507-F5D014AD8065}.RelForProfile|x64.ActiveCfg = RelForProfile|x64
		{55A0332E-4990-4C89-A507-F5D014AD8065}.RelForProfile|x64.Build.0 = RelForProfile|x64
		{55A0332E-4990-4C89-A507-F5D014AD8065}.RelForProfile|x86.ActiveCfg = RelForProfile|x64
		{55A0332E-4990-4C89-A507-F5D014AD8065}.RelWithDebInfo|x64.ActiveCfg = RelWithDebInfo|x64
		{55A0332E-4990-4C89-A507-F5D014AD8065}.RelWithDebInfo|x64.Build.0 = RelWithDebInfo|x64
		{55A0332E-4990-4C89-A507-F5D014AD8065}.RelWithDebInfo|x86.ActiveCfg = RelWithDebInfo|x64
		{FA45D0FA-9A85-4416-916F-4CEF5BC1959C}.Debug _ITERATOR_DEBUG_LEVEL 2|x64.ActiveCfg = Debug _ITERATOR_DEBUG_LEVEL 2|x64
		{FA45D0FA-9A85-4416-916F-4CEF5BC1959C}.Debug _ITERATOR_DEBUG_LEVEL 2|x64.Build.0 = Debug _ITERATOR_DEBUG_LEVEL 2|x64
		{FA45D0FA-9A85-4416-916F-4CEF5BC1959C}.Debug _ITERATOR_DEBUG_LEVEL 2|x86.ActiveCfg = Debug _ITERATOR_DEBUG_LEVEL 2|x64
		{FA45D0FA-9A85-4416-916F-4CEF5BC1959C}.Debug|x64.ActiveCfg = Debug|x64
		{FA45D0FA-9A85-4416-916F-4CEF5BC1959C}.Debug|x64.Build.0 = Debug|x64
		{FA45D0FA-9A85-4416-916F-4CEF5BC1959C}.Debug|x86.ActiveCfg = Debug|x64
		{FA45D0FA-9A85-4416-916F-4CEF5BC1959C}.MinSizeRel|x64.ActiveCfg = MinSizeRel|x64
		{FA45D0FA-9A85-4416-916F-4CEF5BC1959C}.MinSizeRel|x64.Build.0 = MinSizeRel|x64
		{FA45D0FA-9A85-4416-916F-4CEF5BC1959C}.MinSizeRel|x86.ActiveCfg = MinSizeRel|x64
		{FA45D0FA-9A85-4416-916F-4CEF5BC1959C}.Release|x64.ActiveCfg = Release|x64
		{FA45D0FA-9A85-4416-916F-4CEF5BC1959C}.Release|x64.Build.0 = Release|x64
		{FA45D0FA-9A85-4416-916F-4CEF5BC1959C}.Release|x86.ActiveCfg = Release|x64
		{FA45D0FA-9A85-4416-916F-4CEF5BC1959C}.Release+Debug|x64.ActiveCfg = Release+Debug|x64
		{FA45D0FA-9A85-4416-916F-4CEF5BC1959C}.Release+Debug|x64.Build.0 = Release+Debug|x64
		{FA45D0FA-9A85-4416-916F-4CEF5BC1959C}.Release+Debug|x86.ActiveCfg = Release+Debug|x64
		{FA45D0FA-9A85-4416-916F-4CEF5BC1959C}.RelForProfile|x64.ActiveCfg = RelForProfile|x64
		{FA45D0FA-9A85-4416-916F-4CEF5BC1959C}.RelForProfile|x64.Build.0 = RelForProfile|x64
		{FA45D0FA-9A85-4416-916F-4CEF5BC1959C}.RelForProfile|x86.ActiveCfg = RelForProfile|x64
		{FA45D0FA-9A85-4416-916F-4CEF5BC1959C}.RelWithDebInfo|x64.ActiveCfg = RelWithDebInfo|x64
		{FA45D0FA-9A85-4416-916F-4CEF5BC1959C}.RelWithDebInfo|x64.Build.0 = RelWithDebInfo|x64
		{FA45D0FA-9A85-4416-916F-4CEF5BC1959C}.RelWithDebInfo|x86.ActiveCfg = RelWithDebInfo|x64
		{C7C5E3DC-2C24-4BF2-9495-5C4AF9E57D08}.Debug _ITERATOR_DEBUG_LEVEL 2|x64.ActiveCfg = Debug _ITERATOR_DEBUG_LEVEL 2|x64
		{C7C5E3DC-2C24-4BF2-9495-5C4AF9E57D08}.Debug _ITERATOR_DEBUG_LEVEL 2|x64.Build.0 = Debug _ITERATOR_DEBUG_LEVEL 2|x64
		{C7C5E3DC-2C24-4BF2-9495-5C4AF9E57D08}.Debug _ITERATOR_DEBUG_LEVEL 2|x86.ActiveCfg = Debug _ITERATOR_DEBUG_LEVEL 2|x64
		{C7C5E3DC-2C24-4BF2-9495-5C4AF9E57D08}.Debug|x64.ActiveCfg = Debug|x64
		{C7C5E3DC-2C24-4BF2-9495-5C4AF9E57D08}.Debug|x64.Build.0 = Debug|x64
		{C7C5E3DC-2C24-4BF2-9495-5C4AF9E57D08}.Debug|x86.ActiveCfg = Debug|x64
		{C7C5E3DC-2C24-4BF2-9495-5C4AF9E57D08}.MinSizeRel|x64.ActiveCfg = MinSizeRel|x64
		{C7C5E3DC-2C24-4BF2-9495-5C4AF9E57D08}.MinSizeRel|x64.Build.0 = MinSizeRel|x64
		{C7C5E3DC-2C24-4BF2-9495-5C4AF9E57D08}.MinSizeRel|x86.ActiveCfg = MinSizeRel|x64
		{C7C5E3DC-2C24-4BF2-9495-5C4AF9E57D08}.Release|x64.ActiveCfg = Release|x64
		{C7C5E3DC-2C24-4BF2-9495-5C4AF9E57D08}.Release|x64.Build.0 = Release|x64
		{C7C5E3DC-2C24-4BF2-9495-5C4AF9E57D08}.Release|x86.ActiveCfg = Release|x64
		{C7C5E3DC-2C24-4BF2-9495-5C4AF9E57D08}.Release+Debug|x64.ActiveCfg = Release+Debug|x64
		{C7C5E3DC-2C24-4BF2-9495-5C4AF9E57D08}.Release+Debug|x64.Build.0 = Release+Debug|x64
		{C7C5E3DC-2C24-4BF2-9495-5C4AF9E57D08}.Release+Debug|x86.ActiveCfg = Release+Debug|x64
		{C7C5E3DC-2C24-4BF2-9495-5C4AF9E57D08}.RelForProfile|x64.ActiveCfg = RelForProfile|x64
		{C7C5E3DC-2C24-4BF2-9495-5C4AF9E57D08}.RelForProfile|x64.Build.0 = RelForProfile|x64
		{C7C5E3DC-2C24-4BF2-9495-5C4AF9E57D08}.RelForProfile|x86.ActiveCfg = RelForProfile|x64
		{C7C5E3DC-2C24-4BF2-9495-5C4AF9E57D08}.RelWithDebInfo|x64.ActiveCfg = RelWithDebInfo|x64
		{C7C5E3DC-2C24-4BF2-9495-5C4AF9E57D08}.RelWithDebInfo|x64.Build.0 = RelWithDebInfo|x64
		{C7C5E3DC-2C24-4BF2-9495-5C4AF9E57D08}.RelWithDebInfo|x86.ActiveCfg = RelWithDebInfo|x64
		{3591767B-601C-4C74-B460-F7BA1853511F}.Debug _ITERATOR_DEBUG_LEVEL 2|x64.ActiveCfg = Debug|x64
		{3591767B-601C-4C74-B460-F7BA1853511F}.Debug _ITERATOR_DEBUG_LEVEL 2|x64.Build.0 = Debug|x64
		{3591767B-601C-4C74-B460-F7BA1853511F}.Debug _ITERATOR_DEBUG_LEVEL 2|x86.ActiveCfg = Debug|Win32
		{3591767B-601C-4C74-B460-F7BA1853511F}.Debug _ITERATOR_DEBUG_LEVEL 2|x86.Build.0 = Debug|Win32
		{3591767B-601C-4C74-B460-F7BA1853511F}.Debug|x64.ActiveCfg = Debug|x64
		{3591767B-601C-4C74-B460-F7BA1853511F}.Debug|x64.Build.0 = Debug|x64
		{3591767B-601C-4C74-B460-F7BA1853511F}.Debug|x86.ActiveCfg = Debug|Win32
		{3591767B-601C-4C74-B460-F7BA1853511F}.Debug|x86.Build.0 = Debug|Win32
		{3591767B-601C-4C74-B460-F7BA1853511F}.MinSizeRel|x64.ActiveCfg = Release|x64
		{3591767B-601C-4C74-B460-F7BA1853511F}.MinSizeRel|x64.Build.0 = Release|x64
		{3591767B-601C-4C74-B460-F7BA1853511F}.MinSizeRel|x86.ActiveCfg = Release|Win32
		{3591767B-601C-4C74-B460-F7BA1853511F}.MinSizeRel|x86.Build.0 = Release|Win32
		{3591767B-601C-4C74-B460-F7BA1853511F}.Release|x64.ActiveCfg = Release|x64
		{3591767B-601C-4C74-B460-F7BA1853511F}.Release|x64.Build.0 = Release|x64
		{3591767B-601C-4C74-B460-F7BA1853511F}.Release|x86.ActiveCfg = Release|Win32
		{3591767B-601C-4C74-B460-F7BA1853511F}.Release|x86.Build.0 = Release|Win32
		{3591767B-601C-4C74-B460-F7BA1853511F}.Release+Debug|x64.ActiveCfg = Release|x64
		{3591767B-601C-4C74-B460-F7BA1853511F}.Release+Debug|x64.Build.0 = Release|x64
		{3591767B-601C-4C74-B460-F7BA1853511F}.Release+Debug|x86.ActiveCfg = Release|Win32
		{3591767B-601C-4C74-B460-F7BA1853511F}.Release+Debug|x86.Build.0 = Release|Win32
		{3591767B-601C-4C74-B460-F7BA1853511F}.RelForProfile|x64.ActiveCfg = Release|x64
		{3591767B-601C-4C74-B460-F7BA1853511F}.RelForProfile|x64.Build.0 = Release|x64
		{3591767B-601C-4C74-B460-F7BA1853511F}.RelForProfile|x86.ActiveCfg = Release|Win32
		{3591767B-601C-4C74-B460-F7BA1853511F}.RelForProfile|x86.Build.0 = Release|Win32
		{3591767B-601C-4C74-B460-F7BA1853511F}.RelWithDebInfo|x64.ActiveCfg = RelWithDebInfo|x64
		{3591767B-601C-4C74-B460-F7BA1853511F}.RelWithDebInfo|x64.Build.0 = RelWithDebInfo|x64
		{3591767B-601C-4C74-B460-F7BA1853511F}.RelWithDebInfo|x86.ActiveCfg = RelWithDebInfo|Win32
		{3591767B-601C-4C74-B460-F7BA1853511F}.RelWithDebInfo|x86.Build.0 = RelWithDebInfo|Win32
		{8D7AE6C8-44BE-492D-A0D2-828A8C0FFFF1}.Debug _ITERATOR_DEBUG_LEVEL 2|x64.ActiveCfg = Debug _ITERATOR_DEBUG_LEVEL 2|x64
		{8D7AE6C8-44BE-492D-A0D2-828A8C0FFFF1}.Debug _ITERATOR_DEBUG_LEVEL 2|x64.Build.0 = Debug _ITERATOR_DEBUG_LEVEL 2|x64
		{8D7AE6C8-44BE-492D-A0D2-828A8C0FFFF1}.Debug _ITERATOR_DEBUG_LEVEL 2|x86.ActiveCfg = Debug _ITERATOR_DEBUG_LEVEL 2|x64
		{8D7AE6C8-44BE-492D-A0D2-828A8C0FFFF1}.Debug|x64.ActiveCfg = Debug|x64
		{8D7AE6C8-44BE-492D-A0D2-828A8C0FFFF1}.Debug|x64.Build.0 = Debug|x64
		{8D7AE6C8-44BE-492D-A0D2-828A8C0FFFF1}.Debug|x86.ActiveCfg = Debug|x64
		{8D7AE6C8-44BE-492D-A0D2-828A8C0FFFF1}.MinSizeRel|x64.ActiveCfg = MinSizeRel|x64
		{8D7AE6C8-44BE-492D-A0D2-828A8C0FFFF1}.MinSizeRel|x64.Build.0 = MinSizeRel|x64
		{8D7AE6C8-44BE-492D-A0D2-828A8C0FFFF1}.MinSizeRel|x86.ActiveCfg = MinSizeRel|x64
		{8D7AE6C8-44BE-492D-A0D2-828A8C0FFFF1}.Release|x64.ActiveCfg = Release|x64
		{8D7AE6C8-44BE-492D-A0D2-828A8C0FFFF1}.Release|x64.Build.0 = Release|x64
		{8D7AE6C8-44BE-492D-A0D2-828A8C0FFFF1}.Release|x86.ActiveCfg = Release|x64
		{8D7AE6C8-44BE-492D-A0D2-828A8C0FFFF1}.Release+Debug|x64.ActiveCfg = Release+Debug|x64
		{8D7AE6C8-44BE-492D-A0D2-828A8C0FFFF1}.Release+Debug|x64.Build.0 = Release+Debug|x64
		{8D7AE6C8-44BE-492D-A0D2-828A8C0FFFF1}.Release+Debug|x86.ActiveCfg = Release+Debug|x64
		{8D7AE6C8-44BE-492D-A0D2-828A8C0FFFF1}.RelForProfile|x64.ActiveCfg = RelForProfile|x64
		{8D7AE6C8-44BE-492D-A0D2-828A8C0FFFF1}.RelForProfile|x64.Build.0 = RelForProfile|x64
		{8D7AE6C8-44BE-492D-A0D2-828A8C0FFFF1}.RelForProfile|x86.ActiveCfg = RelForProfile|x64
		{8D7AE6C8-44BE-492D-A0D2-828A8C0FFFF1}.RelWithDebInfo|x64.ActiveCfg = RelWithDebInfo|x64
		{8D7AE6C8-44BE-492D-A0D2-828A8C0FFFF1}.RelWithDebInfo|x64.Build.0 = RelWithDebInfo|x64
		{8D7AE6C8-44BE-492D-A0D2-828A8C0FFFF1}.RelWithDebInfo|x86.ActiveCfg = RelWithDebInfo|x64
		{0E82A63B-10A4-4733-A4E3-3B84F3E1CED7}.Debug _ITERATOR_DEBUG_LEVEL 2|x64.ActiveCfg = Debug|x64
		{0E82A63B-10A4-4733-A4E3-3B84F3E1CED7}.Debug _ITERATOR_DEBUG_LEVEL 2|x64.Build.0 = Debug|x64
		{0E82A63B-10A4-4733-A4E3-3B84F3E1CED7}.Debug _ITERATOR_DEBUG_LEVEL 2|x86.ActiveCfg = Debug|Win32
		{0E82A63B-10A4-4733-A4E3-3B84F3E1CED7}.Debug _ITERATOR_DEBUG_LEVEL 2|x86.Build.0 = Debug|Win32
		{0E82A63B-10A4-4733-A4E3-3B84F3E1CED7}.Debug|x64.ActiveCfg = Debug|x64
		{0E82A63B-10A4-4733-A4E3-3B84F3E1CED7}.Debug|x64.Build.0 = Debug|x64
		{0E82A63B-10A4-4733-A4E3-3B84F3E1CED7}.Debug|x86.ActiveCfg = Debug|Win32
		{0E82A63B-10A4-4733-A4E3-3B84F3E1CED7}.Debug|x86.Build.0 = Debug|Win32
		{0E82A63B-10A4-4733-A4E3-3B84F3E1CED7}.MinSizeRel|x64.ActiveCfg = Release|x64
		{0E82A63B-10A4-4733-A4E3-3B84F3E1CED7}.MinSizeRel|x64.Build.0 = Release|x64
		{0E82A63B-10A4-4733-A4E3-3B84F3E1CED7}.MinSizeRel|x86.ActiveCfg = Release|Win32
		{0E82A63B-10A4-4733-A4E3-3B84F3E1CED7}.MinSizeRel|x86.Build.0 = Release|Win32
		{0E82A63B-10A4-4733-A4E3-3B84F3E1CED7}.Release|x64.ActiveCfg = Release|x64
		{0E82A63B-10A4-4733-A4E3-3B84F3E1CED7}.Release|x64.Build.0 = Release|x64
		{0E82A63B-10A4-4733-A4E3-3B84F3E1CED7}.Release|x86.ActiveCfg = Release|Win32
		{0E82A63B-10A4-4733-A4E3-3B84F3E1CED7}.Release|x86.Build.0 = Release|Win32
		{0E82A63B-10A4-4733-A4E3-3B84F3E1CED7}.Release+Debug|x64.ActiveCfg = Release|x64
		{0E82A63B-10A4-4733-A4E3-3B84F3E1CED7}.Release+Debug|x64.Build.0 = Release|x64
		{0E82A63B-10A4-4733-A4E3-3B84F3E1CED7}.Release+Debug|x86.ActiveCfg = Release|Win32
		{0E82A63B-10A4-4733-A4E3-3B84F3E1CED7}.Release+Debug|x86.Build.0 = Release|Win32
		{0E82A63B-10A4-4733-A4E3-3B84F3E1CED7}.RelForProfile|x64.ActiveCfg = Release|x64
		{0E82A63B-10A4-4733-A4E3-3B84F3E1CED7}.RelForProfile|x64.Build.0 = Release|x64
		{0E82A63B-10A4-4733-A4E3-3B84F3E1CED7}.RelForProfile|x86.ActiveCfg = Release|Win32
		{0E82A63B-10A4-4733-A4E3-3B84F3E1CED7}.RelForProfile|x86.Build.0 = Release|Win32
		{0E82A63B-10A4-4733-A4E3-3B84F3E1CED7}.RelWithDebInfo|x64.ActiveCfg = RelWithDebInfo|x64
		{0E82A63B-10A4-4733-A4E3-3B84F3E1CED7}.RelWithDebInfo|x64.Build.0 = RelWithDebInfo|x64
		{0E82A63B-10A4-4733-A4E3-3B84F3E1CED7}.RelWithDebInfo|x86.ActiveCfg = RelWithDebInfo|Win32
		{0E82A63B-10A4-4733-A4E3-3B84F3E1CED7}.RelWithDebInfo|x86.Build.0 = RelWithDebInfo|Win32
	EndGlobalSection
	GlobalSection(SolutionProperties) = preSolution
		HideSolutionNode = FALSE
	EndGlobalSection
	GlobalSection(NestedProjects) = preSolution
		{C08CAD98-36E0-3438-90CA-ADE4EDE8F782} = {CF05188F-3B88-471F-836D-3EEE2AABFCC9}
		{03A45635-B9C9-3358-93C2-B1182EB5706C} = {CF05188F-3B88-471F-836D-3EEE2AABFCC9}
		{8AA1F415-8208-3181-8A2B-C36B9967D64D} = {CF05188F-3B88-471F-836D-3EEE2AABFCC9}
		{6A6637C5-407E-3415-9F4B-50A55116CF4F} = {CF05188F-3B88-471F-836D-3EEE2AABFCC9}
		{38673A57-275F-354B-8DA0-66FAA41D7F3C} = {CF05188F-3B88-471F-836D-3EEE2AABFCC9}
		{96F88127-7A5D-3E0E-9C70-4373948C2A52} = {CF05188F-3B88-471F-836D-3EEE2AABFCC9}
		{39F2F794-4D36-3F37-AD77-8EB0AE8D2B77} = {CF05188F-3B88-471F-836D-3EEE2AABFCC9}
		{9F4CF59D-B216-340B-9F6A-095B80E9F652} = {CF05188F-3B88-471F-836D-3EEE2AABFCC9}
		{6ED45627-86E4-3DB6-A3F7-EB8FADA5D1C2} = {CF05188F-3B88-471F-836D-3EEE2AABFCC9}
		{BAAB88F1-4277-37E0-9AD8-BF66B408ACEE} = {CF05188F-3B88-471F-836D-3EEE2AABFCC9}
		{17C61023-644D-33B1-AF86-8213A8281EFF} = {CF05188F-3B88-471F-836D-3EEE2AABFCC9}
		{29E5F215-41EB-38E0-837F-31066092BA9B} = {CF05188F-3B88-471F-836D-3EEE2AABFCC9}
		{C2892DCE-FD44-3BEA-AAD5-00F6ACDAE272} = {CF05188F-3B88-471F-836D-3EEE2AABFCC9}
		{CCD017BE-8BC2-35C4-8C33-97A34632FADB} = {CF05188F-3B88-471F-836D-3EEE2AABFCC9}
		{F613D81C-4004-3BEF-9E4D-40B1B6D3A3E7} = {CF05188F-3B88-471F-836D-3EEE2AABFCC9}
		{A9F6AEC0-C2E8-3F59-A9A5-9FDFFC3E5003} = {CF05188F-3B88-471F-836D-3EEE2AABFCC9}
		{A8D3CEDE-BCEE-3E2A-B45A-3B6AE7E6C4CE} = {CF05188F-3B88-471F-836D-3EEE2AABFCC9}
		{FB6279DF-A75D-33AB-8E2C-56128459804D} = {CF05188F-3B88-471F-836D-3EEE2AABFCC9}
		{35E7376B-D4AF-3BA7-9879-C53F891238D5} = {CF05188F-3B88-471F-836D-3EEE2AABFCC9}
		{4F3F1B81-A274-3024-8488-EA99371F0723} = {CF05188F-3B88-471F-836D-3EEE2AABFCC9}
		{D8A8CFAE-4808-3B26-9729-F70F5B1A840A} = {CF05188F-3B88-471F-836D-3EEE2AABFCC9}
		{8EFA275F-4147-4274-8C5E-38063E39310D} = {CF05188F-3B88-471F-836D-3EEE2AABFCC9}
	EndGlobalSection
	GlobalSection(ExtensibilityGlobals) = postSolution
		SolutionGuid = {69D49BB5-2CA6-4943-BB51-1B7778F66D86}
	EndGlobalSection
	GlobalSection(Performance) = preSolution
		HasPerformanceSessions = true
	EndGlobalSection
	GlobalSection(Performance) = preSolution
		HasPerformanceSessions = true
	EndGlobalSection
	GlobalSection(Performance) = preSolution
		HasPerformanceSessions = true
	EndGlobalSection
	GlobalSection(Performance) = preSolution
		HasPerformanceSessions = true
	EndGlobalSection
	GlobalSection(Performance) = preSolution
		HasPerformanceSessions = true
	EndGlobalSection
	GlobalSection(Performance) = preSolution
		HasPerformanceSessions = true
	EndGlobalSection
	GlobalSection(Performance) = preSolution
		HasPerformanceSessions = true
	EndGlobalSection
	GlobalSection(Performance) = preSolution
		HasPerformanceSessions = true
	EndGlobalSection
	GlobalSection(Performance) = preSolution
		HasPerformanceSessions = true
	EndGlobalSection
	GlobalSection(Performance) = preSolution
		HasPerformanceSessions = true
	EndGlobalSection
	GlobalSection(Performance) = preSolution
		HasPerformanceSessions = true
	EndGlobalSection
	GlobalSection(Performance) = preSolution
		HasPerformanceSessions = true
	EndGlobalSection
	GlobalSection(Performance) = preSolution
		HasPerformanceSessions = true
	EndGlobalSection
	GlobalSection(Performance) = preSolution
		HasPerformanceSessions = true
	EndGlobalSection
	GlobalSection(Performance) = preSolution
		HasPerformanceSessions = true
	EndGlobalSection
	GlobalSection(Performance) = preSolution
		HasPerformanceSessions = true
	EndGlobalSection
	GlobalSection(Performance) = preSolution
		HasPerformanceSessions = true
	EndGlobalSection
	GlobalSection(Performance) = preSolution
		HasPerformanceSessions = true
	EndGlobalSection
	GlobalSection(Performance) = preSolution
		HasPerformanceSessions = true
	EndGlobalSection
	GlobalSection(Performance) = preSolution
		HasPerformanceSessions = true
	EndGlobalSection
	GlobalSection(Performance) = preSolution
		HasPerformanceSessions = true
	EndGlobalSection
	GlobalSection(Performance) = preSolution
		HasPerformanceSessions = true
	EndGlobalSection
	GlobalSection(Performance) = preSolution
		HasPerformanceSessions = true
	EndGlobalSection
	GlobalSection(Performance) = preSolution
		HasPerformanceSessions = true
	EndGlobalSection
	GlobalSection(Performance) = preSolution
		HasPerformanceSessions = true
	EndGlobalSection
	GlobalSection(Performance) = preSolution
		HasPerformanceSessions = true
	EndGlobalSection
	GlobalSection(Performance) = preSolution
		HasPerformanceSessions = true
	EndGlobalSection
	GlobalSection(Performance) = preSolution
		HasPerformanceSessions = true
	EndGlobalSection
	GlobalSection(Performance) = preSolution
		HasPerformanceSessions = true
	EndGlobalSection
	GlobalSection(Performance) = preSolution
		HasPerformanceSessions = true
	EndGlobalSection
	GlobalSection(Performance) = preSolution
		HasPerformanceSessions = true
	EndGlobalSection
	GlobalSection(Performance) = preSolution
		HasPerformanceSessions = true
	EndGlobalSection
	GlobalSection(Performance) = preSolution
		HasPerformanceSessions = true
	EndGlobalSection
	GlobalSection(Performance) = preSolution
		HasPerformanceSessions = true
	EndGlobalSection
	GlobalSection(Performance) = preSolution
		HasPerformanceSessions = true
	EndGlobalSection
	GlobalSection(Performance) = preSolution
		HasPerformanceSessions = true
	EndGlobalSection
	GlobalSection(Performance) = preSolution
		HasPerformanceSessions = true
	EndGlobalSection
	GlobalSection(Performance) = preSolution
		HasPerformanceSessions = true
	EndGlobalSection
	GlobalSection(Performance) = preSolution
		HasPerformanceSessions = true
	EndGlobalSection
	GlobalSection(Performance) = preSolution
		HasPerformanceSessions = true
	EndGlobalSection
	GlobalSection(Performance) = preSolution
		HasPerformanceSessions = true
	EndGlobalSection
	GlobalSection(Performance) = preSolution
		HasPerformanceSessions = true
	EndGlobalSection
	GlobalSection(Performance) = preSolution
		HasPerformanceSessions = true
	EndGlobalSection
	GlobalSection(Performance) = preSolution
		HasPerformanceSessions = true
	EndGlobalSection
	GlobalSection(Performance) = preSolution
		HasPerformanceSessions = true
	EndGlobalSection
	GlobalSection(Performance) = preSolution
		HasPerformanceSessions = true
	EndGlobalSection
	GlobalSection(Performance) = preSolution
		HasPerformanceSessions = true
	EndGlobalSection
	GlobalSection(Performance) = preSolution
		HasPerformanceSessions = true
	EndGlobalSection
	GlobalSection(Performance) = preSolution
		HasPerformanceSessions = true
	EndGlobalSection
	GlobalSection(Performance) = preSolution
		HasPerformanceSessions = true
	EndGlobalSection
	GlobalSection(Performance) = preSolution
		HasPerformanceSessions = true
	EndGlobalSection
	GlobalSection(Performance) = preSolution
		HasPerformanceSessions = true
	EndGlobalSection
	GlobalSection(Performance) = preSolution
		HasPerformanceSessions = true
	EndGlobalSection
	GlobalSection(Performance) = preSolution
		HasPerformanceSessions = true
	EndGlobalSection
	GlobalSection(Performance) = preSolution
		HasPerformanceSessions = true
	EndGlobalSection
	GlobalSection(Performance) = preSolution
		HasPerformanceSessions = true
	EndGlobalSection
	GlobalSection(Performance) = preSolution
		HasPerformanceSessions = true
	EndGlobalSection
	GlobalSection(Performance) = preSolution
		HasPerformanceSessions = true
	EndGlobalSection
	GlobalSection(Performance) = preSolution
		HasPerformanceSessions = true
	EndGlobalSection
	GlobalSection(Performance) = preSolution
		HasPerformanceSessions = true
	EndGlobalSection
	GlobalSection(Performance) = preSolution
		HasPerformanceSessions = true
	EndGlobalSection
	GlobalSection(Performance) = preSolution
		HasPerformanceSessions = true
	EndGlobalSection
	GlobalSection(Performance) = preSolution
		HasPerformanceSessions = true
	EndGlobalSection
	GlobalSection(Performance) = preSolution
		HasPerformanceSessions = true
	EndGlobalSection
	GlobalSection(Performance) = preSolution
		HasPerformanceSessions = true
	EndGlobalSection
	GlobalSection(Performance) = preSolution
		HasPerformanceSessions = true
	EndGlobalSection
	GlobalSection(Performance) = preSolution
		HasPerformanceSessions = true
	EndGlobalSection
	GlobalSection(Performance) = preSolution
		HasPerformanceSessions = true
	EndGlobalSection
	GlobalSection(Performance) = preSolution
		HasPerformanceSessions = true
	EndGlobalSection
	GlobalSection(Performance) = preSolution
		HasPerformanceSessions = true
	EndGlobalSection
	GlobalSection(Performance) = preSolution
		HasPerformanceSessions = true
	EndGlobalSection
	GlobalSection(Performance) = preSolution
		HasPerformanceSessions = true
	EndGlobalSection
EndGlobal
