<?xml version="1.0" encoding="utf-8"?>
<Project ToolsVersion="15.0" xmlns="http://schemas.microsoft.com/developer/msbuild/2003">
  <ItemGroup>
    <Filter Include="Source Files">
      <UniqueIdentifier>{8F9C1D7A-03D4-3077-8EF4-ACF762D37695}</UniqueIdentifier>
      <Extensions>cpp;c;cc;cxx;def;odl;idl;hpj;bat;asm;asmx</Extensions>
    </Filter>
    <Filter Include="Header Files">
      <UniqueIdentifier>{c05578a0-5ae5-4031-8385-0c3bd1271bc7}</UniqueIdentifier>
      <Extensions>h;hh;hpp;hxx;hm;inl;inc;xsd</Extensions>
    </Filter>
    <Filter Include="Header Files\Vector">
      <UniqueIdentifier>{390aa4d1-3753-45a7-a3cf-13586454ceba}</UniqueIdentifier>
    </Filter>
    <Filter Include="Header Files\Memory">
      <UniqueIdentifier>{c9328dc3-5e9a-49e2-a38b-d92c467fe860}</UniqueIdentifier>
    </Filter>
    <Filter Include="Source Files\Vector">
      <UniqueIdentifier>{16c4dbb8-551f-4feb-8ad9-d63b07aa8db3}</UniqueIdentifier>
    </Filter>
    <Filter Include="Header Files\3D">
      <UniqueIdentifier>{6d21c64b-facf-42f3-a4c0-27689b5d9384}</UniqueIdentifier>
    </Filter>
    <Filter Include="Header Files\List">
      <UniqueIdentifier>{dec03c07-3999-4f93-9665-9a2f962849df}</UniqueIdentifier>
    </Filter>
    <Filter Include="Source Files\3D">
      <UniqueIdentifier>{f1b7b1b7-4f2d-423f-be84-4765f09c337a}</UniqueIdentifier>
    </Filter>
    <Filter Include="Header Files\Table">
      <UniqueIdentifier>{eec7e772-73fe-40e2-8e5d-bc0c1c76ec62}</UniqueIdentifier>
    </Filter>
    <Filter Include="Source Files\Table">
      <UniqueIdentifier>{bde82eb7-a7af-4bc2-b343-94bd61e7a412}</UniqueIdentifier>
    </Filter>
  </ItemGroup>
  <ItemGroup>
    <ClCompile Include="stdafx.cpp">
      <Filter>Source Files</Filter>
    </ClCompile>
    <ClCompile Include="CommonClassesShared.cpp">
      <Filter>Source Files</Filter>
    </ClCompile>
    <ClCompile Include="CommonClasses.cpp">
      <Filter>Source Files</Filter>
    </ClCompile>
    <ClCompile Include="Vector__Dynamic.cpp">
      <Filter>Source Files\Vector</Filter>
    </ClCompile>
    <ClCompile Include="Vector__Fixed.cpp">
      <Filter>Source Files\Vector</Filter>
    </ClCompile>
    <ClCompile Include="CompactVectorVector.cpp">
      <Filter>Source Files</Filter>
    </ClCompile>
    <ClCompile Include="MatrixX34f.cpp">
      <Filter>Source Files\3D</Filter>
    </ClCompile>
    <ClCompile Include="Vector__Dynamic_bool.cpp">
      <Filter>Source Files\Vector</Filter>
    </ClCompile>
    <ClCompile Include="Table__DynamicDynamic.cpp">
      <Filter>Source Files\Table</Filter>
    </ClCompile>
    <ClCompile Include="Table__DynamicFixed.cpp">
      <Filter>Source Files\Table</Filter>
    </ClCompile>
    <ClCompile Include="Table__FixedDynamic.cpp">
      <Filter>Source Files\Table</Filter>
    </ClCompile>
    <ClCompile Include="Table__FixedFixed.cpp">
      <Filter>Source Files\Table</Filter>
    </ClCompile>
  </ItemGroup>
  <ItemGroup>
    <ClInclude Include="stdafx.h">
      <Filter>Header Files</Filter>
    </ClInclude>
    <ClInclude Include="CommonClasses.h">
      <Filter>Header Files</Filter>
    </ClInclude>
    <ClInclude Include="CommonClassesShared.h">
      <Filter>Header Files</Filter>
    </ClInclude>
    <ClInclude Include="Vector__Dynamic.h">
      <Filter>Header Files\Vector</Filter>
    </ClInclude>
    <ClInclude Include="Vector__Fixed.h">
      <Filter>Header Files\Vector</Filter>
    </ClInclude>
    <ClInclude Include="MemoryLink.h">
      <Filter>Header Files\Memory</Filter>
    </ClInclude>
    <ClInclude Include="ComplexPolar.h">
      <Filter>Header Files</Filter>
    </ClInclude>
    <ClInclude Include="MemoryDynamic.h">
      <Filter>Header Files\Memory</Filter>
    </ClInclude>
    <ClInclude Include="MemoryFixed.h">
      <Filter>Header Files\Memory</Filter>
    </ClInclude>
    <ClInclude Include="CompactVectorVector.h">
      <Filter>Header Files</Filter>
    </ClInclude>
    <ClInclude Include="List__Fixed.h">
      <Filter>Header Files\List</Filter>
    </ClInclude>
    <ClInclude Include="List__Dynamic.h">
      <Filter>Header Files\List</Filter>
    </ClInclude>
    <ClInclude Include="Vector.h">
      <Filter>Header Files\Vector</Filter>
    </ClInclude>
    <ClInclude Include="Memory.h">
      <Filter>Header Files\Memory</Filter>
    </ClInclude>
    <ClInclude Include="List.h">
      <Filter>Header Files\List</Filter>
    </ClInclude>
    <ClInclude Include="3D.h">
      <Filter>Header Files\3D</Filter>
    </ClInclude>
    <ClInclude Include="ReferencesList.h">
      <Filter>Header Files\List</Filter>
    </ClInclude>
    <ClInclude Include="Faces.h">
      <Filter>Header Files\3D</Filter>
    </ClInclude>
    <ClInclude Include="Vector34f.h">
      <Filter>Header Files\3D</Filter>
    </ClInclude>
    <ClInclude Include="Point34f.h">
      <Filter>Header Files\3D</Filter>
    </ClInclude>
    <ClInclude Include="Matrix34f.h">
      <Filter>Header Files\3D</Filter>
    </ClInclude>
    <ClInclude Include="MatrixX34f.h">
      <Filter>Header Files\3D</Filter>
    </ClInclude>
    <ClInclude Include="StaticSort.h">
      <Filter>Header Files</Filter>
    </ClInclude>
    <ClInclude Include="Vector__Dynamic_bool.h">
      <Filter>Header Files\Vector</Filter>
    </ClInclude>
    <ClInclude Include="Table.h">
      <Filter>Header Files\Table</Filter>
    </ClInclude>
    <ClInclude Include="Table__FixedFixed.h">
      <Filter>Header Files\Table</Filter>
    </ClInclude>
    <ClInclude Include="Table__FixedDynamic.h">
      <Filter>Header Files\Table</Filter>
    </ClInclude>
    <ClInclude Include="Table__DynamicFixed.h">
      <Filter>Header Files\Table</Filter>
    </ClInclude>
    <ClInclude Include="Table__DynamicDynamic.h">
      <Filter>Header Files\Table</Filter>
    </ClInclude>
  </ItemGroup>
</Project>