<?xml version="1.0" encoding="utf-8"?>
<Project ToolsVersion="15.0" xmlns="http://schemas.microsoft.com/developer/msbuild/2003">
  <ItemGroup>
    <Filter Include="Source Files">
      <UniqueIdentifier>{8F9C1D7A-03D4-3077-8EF4-ACF762D37695}</UniqueIdentifier>
      <Extensions>cpp;c;cc;cxx;def;odl;idl;hpj;bat;asm;asmx</Extensions>
    </Filter>
    <Filter Include="Header Files">
      <UniqueIdentifier>{c05578a0-5ae5-4031-8385-0c3bd1271bc7}</UniqueIdentifier>
      <Extensions>h;hh;hpp;hxx;hm;inl;inc;xsd</Extensions>
    </Filter>
  </ItemGroup>
  <ItemGroup>
    <ClCompile Include="stdafx.cpp">
      <Filter>Source Files</Filter>
    </ClCompile>
    <ClCompile Include="Timer.cpp">
      <Filter>Source Files</Filter>
    </ClCompile>
    <ClCompile Include="Utils.cpp">
      <Filter>Source Files</Filter>
    </ClCompile>
    <ClCompile Include="PointersCollection.cpp">
      <Filter>Source Files</Filter>
    </ClCompile>
    <ClCompile Include="_MeshLogicOptions.cpp">
      <Filter>Source Files</Filter>
    </ClCompile>
    <ClCompile Include="Elapsed.cpp">
      <Filter>Source Files</Filter>
    </ClCompile>
    <ClCompile Include="Utils_sse.cpp">
      <Filter>Source Files</Filter>
    </ClCompile>
    <ClCompile Include="Utils_opencl.cpp">
      <Filter>Source Files</Filter>
    </ClCompile>
    <ClCompile Include="Utils_mesh.cpp">
      <Filter>Source Files</Filter>
    </ClCompile>
    <ClCompile Include="Utils_stdvector.cpp">
      <Filter>Source Files</Filter>
    </ClCompile>
    <ClCompile Include="Utils_angle.cpp">
      <Filter>Source Files</Filter>
    </ClCompile>
    <ClCompile Include="Utils_complex.cpp">
      <Filter>Source Files</Filter>
    </ClCompile>
    <ClCompile Include="Utils_file.cpp">
      <Filter>Source Files</Filter>
    </ClCompile>
    <ClCompile Include="Utils_matrix.cpp">
      <Filter>Source Files</Filter>
    </ClCompile>
    <ClCompile Include="Utils_point.cpp">
      <Filter>Source Files</Filter>
    </ClCompile>
    <ClCompile Include="Utils_strings.cpp">
      <Filter>Source Files</Filter>
    </ClCompile>
    <ClCompile Include="Utils_time.cpp">
      <Filter>Source Files</Filter>
    </ClCompile>
    <ClCompile Include="Utils_vector.cpp">
      <Filter>Source Files</Filter>
    </ClCompile>
    <ClCompile Include="Utils_num.cpp">
      <Filter>Source Files</Filter>
    </ClCompile>
    <ClCompile Include="Utils_cursor.cpp">
      <Filter>Source Files</Filter>
    </ClCompile>
    <ClCompile Include="Utils_cpu.cpp">
      <Filter>Source Files</Filter>
    </ClCompile>
    <ClCompile Include="ViewerDrawObjects.cpp">
      <Filter>Source Files</Filter>
    </ClCompile>
  </ItemGroup>
  <ItemGroup>
    <ClInclude Include="stdafx.h">
      <Filter>Header Files</Filter>
    </ClInclude>
    <ClInclude Include="Timer.h">
      <Filter>Header Files</Filter>
    </ClInclude>
    <ClInclude Include="Utils.h">
      <Filter>Header Files</Filter>
    </ClInclude>
    <ClInclude Include="PointersCollection.h">
      <Filter>Header Files</Filter>
    </ClInclude>
    <ClInclude Include="_MeshLogicOptions.h">
      <Filter>Header Files</Filter>
    </ClInclude>
    <ClInclude Include="Elapsed.h">
      <Filter>Header Files</Filter>
    </ClInclude>
    <ClInclude Include="Utils_sse.h">
      <Filter>Header Files</Filter>
    </ClInclude>
    <ClInclude Include="Utils_opencl.h">
      <Filter>Header Files</Filter>
    </ClInclude>
    <ClInclude Include="Utils_mesh.h">
      <Filter>Header Files</Filter>
    </ClInclude>
    <ClInclude Include="Utils_stdvector.h">
      <Filter>Header Files</Filter>
    </ClInclude>
    <ClInclude Include="Utils_time.h">
      <Filter>Header Files</Filter>
    </ClInclude>
    <ClInclude Include="Utils_num.h">
      <Filter>Header Files</Filter>
    </ClInclude>
    <ClInclude Include="Utils_complex.h">
      <Filter>Header Files</Filter>
    </ClInclude>
    <ClInclude Include="Utils_file.h">
      <Filter>Header Files</Filter>
    </ClInclude>
    <ClInclude Include="Utils_angle.h">
      <Filter>Header Files</Filter>
    </ClInclude>
    <ClInclude Include="Utils_vector.h">
      <Filter>Header Files</Filter>
    </ClInclude>
    <ClInclude Include="Utils_matrix.h">
      <Filter>Header Files</Filter>
    </ClInclude>
    <ClInclude Include="Utils_point.h">
      <Filter>Header Files</Filter>
    </ClInclude>
    <ClInclude Include="Utils_strings.h">
      <Filter>Header Files</Filter>
    </ClInclude>
    <ClInclude Include="Utils_cursor.h">
      <Filter>Header Files</Filter>
    </ClInclude>
    <ClInclude Include="Utils_cpu.h">
      <Filter>Header Files</Filter>
    </ClInclude>
    <ClInclude Include="ViewerDrawObjects.h">
      <Filter>Header Files</Filter>
    </ClInclude>
  </ItemGroup>
</Project>