<?xml version="1.0" encoding="utf-8"?>
<Project ToolsVersion="15.0" xmlns="http://schemas.microsoft.com/developer/msbuild/2003">
  <ItemGroup>
    <ClCompile Include="K:\libs\libgl\include\igl\opengl2\draw_beach_ball.cpp">
      <Filter>Source Files</Filter>
    </ClCompile>
    <ClCompile Include="K:\libs\libgl\include\igl\opengl2\draw_floor.cpp">
      <Filter>Source Files</Filter>
    </ClCompile>
    <ClCompile Include="K:\libs\libgl\include\igl\opengl2\draw_mesh.cpp">
      <Filter>Source Files</Filter>
    </ClCompile>
    <ClCompile Include="K:\libs\libgl\include\igl\opengl2\draw_point.cpp">
      <Filter>Source Files</Filter>
    </ClCompile>
    <ClCompile Include="K:\libs\libgl\include\igl\opengl2\draw_rectangular_marquee.cpp">
      <Filter>Source Files</Filter>
    </ClCompile>
    <ClCompile Include="K:\libs\libgl\include\igl\opengl2\draw_skeleton_3d.cpp">
      <Filter>Source Files</Filter>
    </ClCompile>
    <ClCompile Include="K:\libs\libgl\include\igl\opengl2\draw_skeleton_vector_graphics.cpp">
      <Filter>Source Files</Filter>
    </ClCompile>
    <ClCompile Include="K:\libs\libgl\include\igl\opengl2\lens_flare.cpp">
      <Filter>Source Files</Filter>
    </ClCompile>
    <ClCompile Include="K:\libs\libgl\include\igl\opengl2\model_proj_viewport.cpp">
      <Filter>Source Files</Filter>
    </ClCompile>
    <ClCompile Include="K:\libs\libgl\include\igl\opengl2\print_gl_get.cpp">
      <Filter>Source Files</Filter>
    </ClCompile>
    <ClCompile Include="K:\libs\libgl\include\igl\opengl2\project.cpp">
      <Filter>Source Files</Filter>
    </ClCompile>
    <ClCompile Include="K:\libs\libgl\include\igl\opengl2\right_axis.cpp">
      <Filter>Source Files</Filter>
    </ClCompile>
    <ClCompile Include="K:\libs\libgl\include\igl\opengl2\sort_triangles.cpp">
      <Filter>Source Files</Filter>
    </ClCompile>
    <ClCompile Include="K:\libs\libgl\include\igl\opengl2\unproject.cpp">
      <Filter>Source Files</Filter>
    </ClCompile>
    <ClCompile Include="K:\libs\libgl\include\igl\opengl2\unproject_to_zero_plane.cpp">
      <Filter>Source Files</Filter>
    </ClCompile>
    <ClCompile Include="K:\libs\libgl\include\igl\opengl2\up_axis.cpp">
      <Filter>Source Files</Filter>
    </ClCompile>
    <ClCompile Include="K:\libs\libgl\include\igl\opengl2\view_axis.cpp">
      <Filter>Source Files</Filter>
    </ClCompile>
  </ItemGroup>
  <ItemGroup>
    <Filter Include="Source Files">
      <UniqueIdentifier>{8F9C1D7A-03D4-3077-8EF4-ACF762D37695}</UniqueIdentifier>
    </Filter>
  </ItemGroup>
</Project>