<?xml version="1.0" encoding="utf-8"?>
<Project ToolsVersion="15.0" xmlns="http://schemas.microsoft.com/developer/msbuild/2003">
  <ItemGroup>
    <ClCompile Include=".\_libs\libgl\external\stb_image\stb_image.cpp">
      <Filter>Source Files</Filter>
    </ClCompile>
  </ItemGroup>
  <ItemGroup>
    <ClInclude Include=".\_libs\libgl\external\stb_image\stb_image.h">
      <Filter>Header Files</Filter>
    </ClInclude>
    <ClInclude Include=".\_libs\libgl\external\stb_image\stb_image_write.h">
      <Filter>Header Files</Filter>
    </ClInclude>
  </ItemGroup>
  <ItemGroup>
    <Filter Include="Source Files">
      <UniqueIdentifier>{8F9C1D7A-03D4-3077-8EF4-ACF762D37695}</UniqueIdentifier>
    </Filter>
    <Filter Include="Header Files">
      <UniqueIdentifier>{C9EFDD0F-AFEB-368F-A949-9689E929C3CD}</UniqueIdentifier>
    </Filter>
  </ItemGroup>
</Project>