<?xml version="1.0" encoding="utf-8"?>
<Project ToolsVersion="15.0" xmlns="http://schemas.microsoft.com/developer/msbuild/2003">
  <ItemGroup>
    <Filter Include="Header Files">
      <UniqueIdentifier>{c05578a0-5ae5-4031-8385-0c3bd1271bc7}</UniqueIdentifier>
      <Extensions>h;hh;hpp;hxx;hm;inl;inc;xsd</Extensions>
    </Filter>
    <Filter Include="Source Files">
      <UniqueIdentifier>{8F9C1D7A-03D4-3077-8EF4-ACF762D37695}</UniqueIdentifier>
      <Extensions>cpp;c;cc;cxx;def;odl;idl;hpj;bat;asm;asmx</Extensions>
    </Filter>
  </ItemGroup>
  <ItemGroup>
    <ClCompile Include="stdafx.cpp">
      <Filter>Source Files</Filter>
    </ClCompile>
    <ClCompile Include="Divider.cpp">
      <Filter>Source Files</Filter>
    </ClCompile>
    <ClCompile Include="Mesh.cpp">
      <Filter>Source Files</Filter>
    </ClCompile>
    <ClCompile Include="MeshConstrains.cpp">
      <Filter>Source Files</Filter>
    </ClCompile>
    <ClCompile Include="MeshLoop.cpp">
      <Filter>Source Files</Filter>
    </ClCompile>
    <ClCompile Include="MeshPart.cpp">
      <Filter>Source Files</Filter>
    </ClCompile>
    <ClCompile Include="MeshSurface.cpp">
      <Filter>Source Files</Filter>
    </ClCompile>
    <ClCompile Include="Model.cpp">
      <Filter>Source Files</Filter>
    </ClCompile>
    <ClCompile Include="ModelFile.cpp">
      <Filter>Source Files</Filter>
    </ClCompile>
    <ClCompile Include="ModelObject.cpp">
      <Filter>Source Files</Filter>
    </ClCompile>
    <ClCompile Include="_MeshLogicDraw.cpp">
      <Filter>Source Files</Filter>
    </ClCompile>
    <ClCompile Include="MeshSimplifier.cpp">
      <Filter>Source Files</Filter>
    </ClCompile>
    <ClCompile Include="MeshStreams.cpp">
      <Filter>Source Files</Filter>
    </ClCompile>
    <ClCompile Include="MeshStreamsJoiner.cpp">
      <Filter>Source Files</Filter>
    </ClCompile>
    <ClCompile Include="MeshStreamsAdjuster.cpp">
      <Filter>Source Files</Filter>
    </ClCompile>
    <ClCompile Include="Mesher.cpp">
      <Filter>Source Files</Filter>
    </ClCompile>
    <ClCompile Include="MeshTopology.cpp">
      <Filter>Source Files</Filter>
    </ClCompile>
    <ClCompile Include="MeshTopologyLoop.cpp">
      <Filter>Source Files</Filter>
    </ClCompile>
    <ClCompile Include="DividerIterator.cpp">
      <Filter>Source Files</Filter>
    </ClCompile>
    <ClCompile Include="MeshCutter.cpp">
      <Filter>Source Files</Filter>
    </ClCompile>
    <ClCompile Include="PolygonMesh.cpp">
      <Filter>Source Files</Filter>
    </ClCompile>
    <ClCompile Include="MeshGenerator.cpp">
      <Filter>Source Files</Filter>
    </ClCompile>
    <ClCompile Include="MeshFile.cpp">
      <Filter>Source Files</Filter>
    </ClCompile>
    <ClCompile Include="DividerOptimalConnector.cpp">
      <Filter>Source Files</Filter>
    </ClCompile>
    <ClCompile Include="MeshSolverNrosy.cpp">
      <Filter>Source Files</Filter>
    </ClCompile>
    <ClCompile Include="MeshSolverUV.cpp">
      <Filter>Source Files</Filter>
    </ClCompile>
    <ClCompile Include="MeshConstrainsUV.cpp">
      <Filter>Source Files</Filter>
    </ClCompile>
    <ClCompile Include="MeshStreamsTopology.cpp">
      <Filter>Source Files</Filter>
    </ClCompile>
    <ClCompile Include="DividerLogicConnector.cpp">
      <Filter>Source Files</Filter>
    </ClCompile>
  </ItemGroup>
  <ItemGroup>
    <ClInclude Include="stdafx.h">
      <Filter>Header Files</Filter>
    </ClInclude>
    <ClInclude Include="Divider.h">
      <Filter>Header Files</Filter>
    </ClInclude>
    <ClInclude Include="Mesh.h">
      <Filter>Header Files</Filter>
    </ClInclude>
    <ClInclude Include="MeshConstrains.h">
      <Filter>Header Files</Filter>
    </ClInclude>
    <ClInclude Include="MeshLoop.h">
      <Filter>Header Files</Filter>
    </ClInclude>
    <ClInclude Include="MeshPart.h">
      <Filter>Header Files</Filter>
    </ClInclude>
    <ClInclude Include="MeshSurface.h">
      <Filter>Header Files</Filter>
    </ClInclude>
    <ClInclude Include="Model.h">
      <Filter>Header Files</Filter>
    </ClInclude>
    <ClInclude Include="ModelFile.h">
      <Filter>Header Files</Filter>
    </ClInclude>
    <ClInclude Include="ModelObject.h">
      <Filter>Header Files</Filter>
    </ClInclude>
    <ClInclude Include="_MeshLogicDraw.h">
      <Filter>Header Files</Filter>
    </ClInclude>
    <ClInclude Include="MeshSimplifier.h">
      <Filter>Header Files</Filter>
    </ClInclude>
    <ClInclude Include="MeshStreams.h">
      <Filter>Header Files</Filter>
    </ClInclude>
    <ClInclude Include="MeshStreamsJoiner.h">
      <Filter>Header Files</Filter>
    </ClInclude>
    <ClInclude Include="MeshStreamsAdjuster.h">
      <Filter>Header Files</Filter>
    </ClInclude>
    <ClInclude Include="Mesher.h">
      <Filter>Header Files</Filter>
    </ClInclude>
    <ClInclude Include="MeshTopology.h">
      <Filter>Header Files</Filter>
    </ClInclude>
    <ClInclude Include="MeshTopologyLoop.h">
      <Filter>Header Files</Filter>
    </ClInclude>
    <ClInclude Include="DividerIterator.h">
      <Filter>Header Files</Filter>
    </ClInclude>
    <ClInclude Include="MeshCutter.h">
      <Filter>Header Files</Filter>
    </ClInclude>
    <ClInclude Include="PolygonMesh.h">
      <Filter>Header Files</Filter>
    </ClInclude>
    <ClInclude Include="MeshGenerator.h">
      <Filter>Header Files</Filter>
    </ClInclude>
    <ClInclude Include="MeshFile.h">
      <Filter>Header Files</Filter>
    </ClInclude>
    <ClInclude Include="DividerOptimalConnector.h">
      <Filter>Header Files</Filter>
    </ClInclude>
    <ClInclude Include="MeshSolverNrosy.h">
      <Filter>Header Files</Filter>
    </ClInclude>
    <ClInclude Include="MeshSolverUV.h">
      <Filter>Header Files</Filter>
    </ClInclude>
    <ClInclude Include="MeshConstrainsUV.h">
      <Filter>Header Files</Filter>
    </ClInclude>
    <ClInclude Include="MeshStreamsTopology.h">
      <Filter>Header Files</Filter>
    </ClInclude>
    <ClInclude Include="DividerLogicConnector.h">
      <Filter>Header Files</Filter>
    </ClInclude>
  </ItemGroup>
</Project>